// !$*UTF8*$!
{
	archiveVersion = 1;
	classes = {
	};
	objectVersion = 46;
	objects = {

/* Begin PBXBuildFile section */
		B8274C9E1BEBA716000FEADE /* AppDelegate.swift in Sources */ = {isa = PBXBuildFile; fileRef = B8274C9D1BEBA716000FEADE /* AppDelegate.swift */; };
		B8274CA01BEBA716000FEADE /* HomeViewController.swift in Sources */ = {isa = PBXBuildFile; fileRef = B8274C9F1BEBA716000FEADE /* HomeViewController.swift */; };
		B8274CA31BEBA716000FEADE /* Main.storyboard in Resources */ = {isa = PBXBuildFile; fileRef = B8274CA11BEBA716000FEADE /* Main.storyboard */; };
		B8274CA51BEBA716000FEADE /* Assets.xcassets in Resources */ = {isa = PBXBuildFile; fileRef = B8274CA41BEBA716000FEADE /* Assets.xcassets */; };
		B8274CA81BEBA716000FEADE /* LaunchScreen.storyboard in Resources */ = {isa = PBXBuildFile; fileRef = B8274CA61BEBA716000FEADE /* LaunchScreen.storyboard */; };
		B8274CB31BEBA716000FEADE /* PajamaAlarmTests.swift in Sources */ = {isa = PBXBuildFile; fileRef = B8274CB21BEBA716000FEADE /* PajamaAlarmTests.swift */; };
		B8274CBE1BEBA716000FEADE /* PajamaAlarmUITests.swift in Sources */ = {isa = PBXBuildFile; fileRef = B8274CBD1BEBA716000FEADE /* PajamaAlarmUITests.swift */; };
		B8274CD01BEBA78D000FEADE /* SoundPlayer.swift in Sources */ = {isa = PBXBuildFile; fileRef = B8274CCF1BEBA78D000FEADE /* SoundPlayer.swift */; };
		B8274CD11BEBA78D000FEADE /* SoundPlayer.swift in Sources */ = {isa = PBXBuildFile; fileRef = B8274CCF1BEBA78D000FEADE /* SoundPlayer.swift */; };
		B8274CD61BEBA7C3000FEADE /* WeatherGetter.swift in Sources */ = {isa = PBXBuildFile; fileRef = B8274CD51BEBA7C3000FEADE /* WeatherGetter.swift */; };
		B8274CD71BEBA7C3000FEADE /* WeatherGetter.swift in Sources */ = {isa = PBXBuildFile; fileRef = B8274CD51BEBA7C3000FEADE /* WeatherGetter.swift */; };
		B8274CD91BEBA7FE000FEADE /* SwiftyJSON.swift in Sources */ = {isa = PBXBuildFile; fileRef = B8274CD81BEBA7FE000FEADE /* SwiftyJSON.swift */; };
		B8274CDA1BEBA7FE000FEADE /* SwiftyJSON.swift in Sources */ = {isa = PBXBuildFile; fileRef = B8274CD81BEBA7FE000FEADE /* SwiftyJSON.swift */; };
		B8274CE31BEBAC6D000FEADE /* ConstantsAndFunctions.swift in Sources */ = {isa = PBXBuildFile; fileRef = B8274CE21BEBAC6D000FEADE /* ConstantsAndFunctions.swift */; };
		B8274CE41BEBAC6D000FEADE /* ConstantsAndFunctions.swift in Sources */ = {isa = PBXBuildFile; fileRef = B8274CE21BEBAC6D000FEADE /* ConstantsAndFunctions.swift */; };
		B85707741BF2034F000E6639 /* AutoLayoutHelper.swift in Sources */ = {isa = PBXBuildFile; fileRef = B85707731BF2034F000E6639 /* AutoLayoutHelper.swift */; };
		B87DC8B41BF4D754005FBC8C /* AlarmTimeMonitor.swift in Sources */ = {isa = PBXBuildFile; fileRef = B87DC8B31BF4D754005FBC8C /* AlarmTimeMonitor.swift */; };
		B87DC8B51BF4D754005FBC8C /* AlarmTimeMonitor.swift in Sources */ = {isa = PBXBuildFile; fileRef = B87DC8B31BF4D754005FBC8C /* AlarmTimeMonitor.swift */; };
		B87DC8C11BF4F542005FBC8C /* AlarmPlayer.swift in Sources */ = {isa = PBXBuildFile; fileRef = B87DC8C01BF4F542005FBC8C /* AlarmPlayer.swift */; };
		B89F08171BF99A8B00BEC64C /* ShortTalkManager.swift in Sources */ = {isa = PBXBuildFile; fileRef = B89F08161BF99A8B00BEC64C /* ShortTalkManager.swift */; };
		B89F08181BF99A8B00BEC64C /* ShortTalkManager.swift in Sources */ = {isa = PBXBuildFile; fileRef = B89F08161BF99A8B00BEC64C /* ShortTalkManager.swift */; };
		B89F08251BF9A60F00BEC64C /* Regexp.swift in Sources */ = {isa = PBXBuildFile; fileRef = B89F08241BF9A60F00BEC64C /* Regexp.swift */; };
		B89F08261BF9A60F00BEC64C /* Regexp.swift in Sources */ = {isa = PBXBuildFile; fileRef = B89F08241BF9A60F00BEC64C /* Regexp.swift */; };
		B89F08331BF9FAC100BEC64C /* WeatherGetterTest.swift in Sources */ = {isa = PBXBuildFile; fileRef = B89F08321BF9FAC100BEC64C /* WeatherGetterTest.swift */; };
		B89F08351BFA0A4E00BEC64C /* GeoCodeGetter.swift in Sources */ = {isa = PBXBuildFile; fileRef = B89F08341BFA0A4E00BEC64C /* GeoCodeGetter.swift */; };
		B89F08361BFA0A4E00BEC64C /* GeoCodeGetter.swift in Sources */ = {isa = PBXBuildFile; fileRef = B89F08341BFA0A4E00BEC64C /* GeoCodeGetter.swift */; };
		B89F08381BFA0C3500BEC64C /* GeoCodeGetterTest.swift in Sources */ = {isa = PBXBuildFile; fileRef = B89F08371BFA0C3500BEC64C /* GeoCodeGetterTest.swift */; };
		B89F083B1BFA140800BEC64C /* LocationGetter.swift in Sources */ = {isa = PBXBuildFile; fileRef = B89F083A1BFA140700BEC64C /* LocationGetter.swift */; };
		B89F083C1BFA140800BEC64C /* LocationGetter.swift in Sources */ = {isa = PBXBuildFile; fileRef = B89F083A1BFA140700BEC64C /* LocationGetter.swift */; };
		B89F083E1BFAA01B00BEC64C /* LocationGetterTest.swift in Sources */ = {isa = PBXBuildFile; fileRef = B89F083D1BFAA01B00BEC64C /* LocationGetterTest.swift */; };
		B8A7A4591BF4AF55003A8723 /* SetAlarmViewController.swift in Sources */ = {isa = PBXBuildFile; fileRef = B8A7A4581BF4AF55003A8723 /* SetAlarmViewController.swift */; };
		B8A7A45A1BF4AF55003A8723 /* SetAlarmViewController.swift in Sources */ = {isa = PBXBuildFile; fileRef = B8A7A4581BF4AF55003A8723 /* SetAlarmViewController.swift */; };
		B8A7A45F1BF4B3DD003A8723 /* AutoLayoutHelper.swift in Sources */ = {isa = PBXBuildFile; fileRef = B85707731BF2034F000E6639 /* AutoLayoutHelper.swift */; };
		B8A7A4611BF4B3FF003A8723 /* AlarmTimePickersUIView.swift in Sources */ = {isa = PBXBuildFile; fileRef = B8A7A4601BF4B3FF003A8723 /* AlarmTimePickersUIView.swift */; };
		B8A7A4621BF4B3FF003A8723 /* AlarmTimePickersUIView.swift in Sources */ = {isa = PBXBuildFile; fileRef = B8A7A4601BF4B3FF003A8723 /* AlarmTimePickersUIView.swift */; };
		B8D915691BFB537700630DD5 /* buttonVoice.png in Resources */ = {isa = PBXBuildFile; fileRef = B8D915631BFB537700630DD5 /* buttonVoice.png */; };
		B8D9156B1BFB537700630DD5 /* hotaruS.png in Resources */ = {isa = PBXBuildFile; fileRef = B8D915651BFB537700630DD5 /* hotaruS.png */; };
		B8D9156C1BFB537700630DD5 /* voiceFrame.png in Resources */ = {isa = PBXBuildFile; fileRef = B8D915661BFB537700630DD5 /* voiceFrame.png */; };
		B8D9156D1BFB537700630DD5 /* アラームセット画面.png in Resources */ = {isa = PBXBuildFile; fileRef = B8D915671BFB537700630DD5 /* アラームセット画面.png */; };
		B8D9156E1BFB537700630DD5 /* ホーム画面背景.png in Resources */ = {isa = PBXBuildFile; fileRef = B8D915681BFB537700630DD5 /* ホーム画面背景.png */; };
		B8D915711BFB538D00630DD5 /* nosound.mp3 in Resources */ = {isa = PBXBuildFile; fileRef = B8D915701BFB538D00630DD5 /* nosound.mp3 */; };
		B8D915731BFB539800630DD5 /* alarm-1.mp3 in Resources */ = {isa = PBXBuildFile; fileRef = B8D915721BFB539800630DD5 /* alarm-1.mp3 */; };
		B8D915751BFB53DF00630DD5 /* buttonAlarm.png in Resources */ = {isa = PBXBuildFile; fileRef = B8D915741BFB53DF00630DD5 /* buttonAlarm.png */; };
		B8D915771BFB53ED00630DD5 /* set.png in Resources */ = {isa = PBXBuildFile; fileRef = B8D915761BFB53ED00630DD5 /* set.png */; };
		B8D915791BFB540700630DD5 /* hotaruN.png in Resources */ = {isa = PBXBuildFile; fileRef = B8D915781BFB540700630DD5 /* hotaruN.png */; };
		B8D9157C1BFB542600630DD5 /* sample-utf8.txt in Resources */ = {isa = PBXBuildFile; fileRef = B8D9157B1BFB542600630DD5 /* sample-utf8.txt */; };
/* End PBXBuildFile section */

/* Begin PBXContainerItemProxy section */
		B8274CAF1BEBA716000FEADE /* PBXContainerItemProxy */ = {
			isa = PBXContainerItemProxy;
			containerPortal = B8274C921BEBA716000FEADE /* Project object */;
			proxyType = 1;
			remoteGlobalIDString = B8274C991BEBA716000FEADE;
			remoteInfo = PajamaAlarm;
		};
		B8274CBA1BEBA716000FEADE /* PBXContainerItemProxy */ = {
			isa = PBXContainerItemProxy;
			containerPortal = B8274C921BEBA716000FEADE /* Project object */;
			proxyType = 1;
			remoteGlobalIDString = B8274C991BEBA716000FEADE;
			remoteInfo = PajamaAlarm;
		};
/* End PBXContainerItemProxy section */

/* Begin PBXFileReference section */
		B8274C9A1BEBA716000FEADE /* PajamaAlarm.app */ = {isa = PBXFileReference; explicitFileType = wrapper.application; includeInIndex = 0; path = PajamaAlarm.app; sourceTree = BUILT_PRODUCTS_DIR; };
		B8274C9D1BEBA716000FEADE /* AppDelegate.swift */ = {isa = PBXFileReference; lastKnownFileType = sourcecode.swift; path = AppDelegate.swift; sourceTree = "<group>"; };
		B8274C9F1BEBA716000FEADE /* HomeViewController.swift */ = {isa = PBXFileReference; lastKnownFileType = sourcecode.swift; path = HomeViewController.swift; sourceTree = "<group>"; };
		B8274CA21BEBA716000FEADE /* Base */ = {isa = PBXFileReference; lastKnownFileType = file.storyboard; name = Base; path = Base.lproj/Main.storyboard; sourceTree = "<group>"; };
		B8274CA41BEBA716000FEADE /* Assets.xcassets */ = {isa = PBXFileReference; lastKnownFileType = folder.assetcatalog; path = Assets.xcassets; sourceTree = "<group>"; };
		B8274CA71BEBA716000FEADE /* Base */ = {isa = PBXFileReference; lastKnownFileType = file.storyboard; name = Base; path = Base.lproj/LaunchScreen.storyboard; sourceTree = "<group>"; };
		B8274CA91BEBA716000FEADE /* Info.plist */ = {isa = PBXFileReference; lastKnownFileType = text.plist.xml; path = Info.plist; sourceTree = "<group>"; };
		B8274CAE1BEBA716000FEADE /* PajamaAlarmTests.xctest */ = {isa = PBXFileReference; explicitFileType = wrapper.cfbundle; includeInIndex = 0; path = PajamaAlarmTests.xctest; sourceTree = BUILT_PRODUCTS_DIR; };
		B8274CB21BEBA716000FEADE /* PajamaAlarmTests.swift */ = {isa = PBXFileReference; lastKnownFileType = sourcecode.swift; path = PajamaAlarmTests.swift; sourceTree = "<group>"; };
		B8274CB41BEBA716000FEADE /* Info.plist */ = {isa = PBXFileReference; lastKnownFileType = text.plist.xml; path = Info.plist; sourceTree = "<group>"; };
		B8274CB91BEBA716000FEADE /* PajamaAlarmUITests.xctest */ = {isa = PBXFileReference; explicitFileType = wrapper.cfbundle; includeInIndex = 0; path = PajamaAlarmUITests.xctest; sourceTree = BUILT_PRODUCTS_DIR; };
		B8274CBD1BEBA716000FEADE /* PajamaAlarmUITests.swift */ = {isa = PBXFileReference; lastKnownFileType = sourcecode.swift; path = PajamaAlarmUITests.swift; sourceTree = "<group>"; };
		B8274CBF1BEBA716000FEADE /* Info.plist */ = {isa = PBXFileReference; lastKnownFileType = text.plist.xml; path = Info.plist; sourceTree = "<group>"; };
		B8274CCF1BEBA78D000FEADE /* SoundPlayer.swift */ = {isa = PBXFileReference; fileEncoding = 4; lastKnownFileType = sourcecode.swift; path = SoundPlayer.swift; sourceTree = "<group>"; };
		B8274CD51BEBA7C3000FEADE /* WeatherGetter.swift */ = {isa = PBXFileReference; fileEncoding = 4; lastKnownFileType = sourcecode.swift; path = WeatherGetter.swift; sourceTree = "<group>"; };
		B8274CD81BEBA7FE000FEADE /* SwiftyJSON.swift */ = {isa = PBXFileReference; fileEncoding = 4; lastKnownFileType = sourcecode.swift; path = SwiftyJSON.swift; sourceTree = "<group>"; };
		B8274CE21BEBAC6D000FEADE /* ConstantsAndFunctions.swift */ = {isa = PBXFileReference; fileEncoding = 4; lastKnownFileType = sourcecode.swift; path = ConstantsAndFunctions.swift; sourceTree = "<group>"; };
		B85707731BF2034F000E6639 /* AutoLayoutHelper.swift */ = {isa = PBXFileReference; fileEncoding = 4; lastKnownFileType = sourcecode.swift; path = AutoLayoutHelper.swift; sourceTree = "<group>"; };
		B87DC8B31BF4D754005FBC8C /* AlarmTimeMonitor.swift */ = {isa = PBXFileReference; fileEncoding = 4; lastKnownFileType = sourcecode.swift; path = AlarmTimeMonitor.swift; sourceTree = "<group>"; };
		B87DC8C01BF4F542005FBC8C /* AlarmPlayer.swift */ = {isa = PBXFileReference; fileEncoding = 4; lastKnownFileType = sourcecode.swift; path = AlarmPlayer.swift; sourceTree = "<group>"; };
		B89F08161BF99A8B00BEC64C /* ShortTalkManager.swift */ = {isa = PBXFileReference; fileEncoding = 4; lastKnownFileType = sourcecode.swift; path = ShortTalkManager.swift; sourceTree = "<group>"; };
		B89F08241BF9A60F00BEC64C /* Regexp.swift */ = {isa = PBXFileReference; fileEncoding = 4; lastKnownFileType = sourcecode.swift; path = Regexp.swift; sourceTree = "<group>"; };
		B89F08321BF9FAC100BEC64C /* WeatherGetterTest.swift */ = {isa = PBXFileReference; fileEncoding = 4; lastKnownFileType = sourcecode.swift; path = WeatherGetterTest.swift; sourceTree = "<group>"; };
		B89F08341BFA0A4E00BEC64C /* GeoCodeGetter.swift */ = {isa = PBXFileReference; fileEncoding = 4; lastKnownFileType = sourcecode.swift; path = GeoCodeGetter.swift; sourceTree = "<group>"; };
		B89F08371BFA0C3500BEC64C /* GeoCodeGetterTest.swift */ = {isa = PBXFileReference; fileEncoding = 4; lastKnownFileType = sourcecode.swift; name = GeoCodeGetterTest.swift; path = ../PajamaAlarm/Model/GeoCodeGetterTest.swift; sourceTree = "<group>"; };
		B89F083A1BFA140700BEC64C /* LocationGetter.swift */ = {isa = PBXFileReference; fileEncoding = 4; lastKnownFileType = sourcecode.swift; path = LocationGetter.swift; sourceTree = "<group>"; };
		B89F083D1BFAA01B00BEC64C /* LocationGetterTest.swift */ = {isa = PBXFileReference; fileEncoding = 4; lastKnownFileType = sourcecode.swift; path = LocationGetterTest.swift; sourceTree = "<group>"; };
		B8A7A4581BF4AF55003A8723 /* SetAlarmViewController.swift */ = {isa = PBXFileReference; fileEncoding = 4; lastKnownFileType = sourcecode.swift; path = SetAlarmViewController.swift; sourceTree = "<group>"; };
		B8A7A4601BF4B3FF003A8723 /* AlarmTimePickersUIView.swift */ = {isa = PBXFileReference; fileEncoding = 4; lastKnownFileType = sourcecode.swift; path = AlarmTimePickersUIView.swift; sourceTree = "<group>"; };
		B8D915631BFB537700630DD5 /* buttonVoice.png */ = {isa = PBXFileReference; lastKnownFileType = image.png; path = buttonVoice.png; sourceTree = "<group>"; };
		B8D915651BFB537700630DD5 /* hotaruS.png */ = {isa = PBXFileReference; lastKnownFileType = image.png; path = hotaruS.png; sourceTree = "<group>"; };
		B8D915661BFB537700630DD5 /* voiceFrame.png */ = {isa = PBXFileReference; lastKnownFileType = image.png; path = voiceFrame.png; sourceTree = "<group>"; };
		B8D915671BFB537700630DD5 /* アラームセット画面.png */ = {isa = PBXFileReference; lastKnownFileType = image.png; path = "アラームセット画面.png"; sourceTree = "<group>"; };
		B8D915681BFB537700630DD5 /* ホーム画面背景.png */ = {isa = PBXFileReference; lastKnownFileType = image.png; path = "ホーム画面背景.png"; sourceTree = "<group>"; };
		B8D915701BFB538D00630DD5 /* nosound.mp3 */ = {isa = PBXFileReference; lastKnownFileType = audio.mp3; path = nosound.mp3; sourceTree = "<group>"; };
		B8D915721BFB539800630DD5 /* alarm-1.mp3 */ = {isa = PBXFileReference; lastKnownFileType = audio.mp3; path = "alarm-1.mp3"; sourceTree = "<group>"; };
		B8D915741BFB53DF00630DD5 /* buttonAlarm.png */ = {isa = PBXFileReference; lastKnownFileType = image.png; path = buttonAlarm.png; sourceTree = "<group>"; };
		B8D915761BFB53ED00630DD5 /* set.png */ = {isa = PBXFileReference; lastKnownFileType = image.png; path = set.png; sourceTree = "<group>"; };
		B8D915781BFB540700630DD5 /* hotaruN.png */ = {isa = PBXFileReference; lastKnownFileType = image.png; path = hotaruN.png; sourceTree = "<group>"; };
		B8D9157B1BFB542600630DD5 /* sample-utf8.txt */ = {isa = PBXFileReference; fileEncoding = 4; lastKnownFileType = text; path = "sample-utf8.txt"; sourceTree = "<group>"; };
/* End PBXFileReference section */

/* Begin PBXFrameworksBuildPhase section */
		B8274C971BEBA716000FEADE /* Frameworks */ = {
			isa = PBXFrameworksBuildPhase;
			buildActionMask = 2147483647;
			files = (
			);
			runOnlyForDeploymentPostprocessing = 0;
		};
		B8274CAB1BEBA716000FEADE /* Frameworks */ = {
			isa = PBXFrameworksBuildPhase;
			buildActionMask = 2147483647;
			files = (
			);
			runOnlyForDeploymentPostprocessing = 0;
		};
		B8274CB61BEBA716000FEADE /* Frameworks */ = {
			isa = PBXFrameworksBuildPhase;
			buildActionMask = 2147483647;
			files = (
			);
			runOnlyForDeploymentPostprocessing = 0;
		};
/* End PBXFrameworksBuildPhase section */

/* Begin PBXGroup section */
		B8274C911BEBA716000FEADE = {
			isa = PBXGroup;
			children = (
				B8274C9C1BEBA716000FEADE /* PajamaAlarm */,
				B8274CB11BEBA716000FEADE /* PajamaAlarmTests */,
				B8274CBC1BEBA716000FEADE /* PajamaAlarmUITests */,
				B8274C9B1BEBA716000FEADE /* Products */,
			);
			sourceTree = "<group>";
		};
		B8274C9B1BEBA716000FEADE /* Products */ = {
			isa = PBXGroup;
			children = (
				B8274C9A1BEBA716000FEADE /* PajamaAlarm.app */,
				B8274CAE1BEBA716000FEADE /* PajamaAlarmTests.xctest */,
				B8274CB91BEBA716000FEADE /* PajamaAlarmUITests.xctest */,
			);
			name = Products;
			sourceTree = "<group>";
		};
		B8274C9C1BEBA716000FEADE /* PajamaAlarm */ = {
			isa = PBXGroup;
			children = (
				B8274CCB1BEBA733000FEADE /* Controller */,
				B8274CCC1BEBA73A000FEADE /* Model */,
				B8274CCD1BEBA740000FEADE /* Resources */,
				B85707721BF20317000E6639 /* View */,
				B8274C9D1BEBA716000FEADE /* AppDelegate.swift */,
				B8274CA41BEBA716000FEADE /* Assets.xcassets */,
				B8274CE21BEBAC6D000FEADE /* ConstantsAndFunctions.swift */,
				B8274CA61BEBA716000FEADE /* LaunchScreen.storyboard */,
				B8274CA11BEBA716000FEADE /* Main.storyboard */,
			);
			path = PajamaAlarm;
			sourceTree = "<group>";
		};
		B8274CB11BEBA716000FEADE /* PajamaAlarmTests */ = {
			isa = PBXGroup;
			children = (
				B8274CB41BEBA716000FEADE /* Info.plist */,
				B8274CB21BEBA716000FEADE /* PajamaAlarmTests.swift */,
				B89F08321BF9FAC100BEC64C /* WeatherGetterTest.swift */,
				B89F08371BFA0C3500BEC64C /* GeoCodeGetterTest.swift */,
				B89F083D1BFAA01B00BEC64C /* LocationGetterTest.swift */,
			);
			path = PajamaAlarmTests;
			sourceTree = "<group>";
		};
		B8274CBC1BEBA716000FEADE /* PajamaAlarmUITests */ = {
			isa = PBXGroup;
			children = (
				B8274CBF1BEBA716000FEADE /* Info.plist */,
				B8274CBD1BEBA716000FEADE /* PajamaAlarmUITests.swift */,
			);
			path = PajamaAlarmUITests;
			sourceTree = "<group>";
		};
		B8274CCB1BEBA733000FEADE /* Controller */ = {
			isa = PBXGroup;
			children = (
				B8274C9F1BEBA716000FEADE /* HomeViewController.swift */,
				B8A7A4581BF4AF55003A8723 /* SetAlarmViewController.swift */,
			);
			path = Controller;
			sourceTree = "<group>";
		};
		B8274CCC1BEBA73A000FEADE /* Model */ = {
			isa = PBXGroup;
			children = (
				B87DC8BF1BF4F4FE005FBC8C /* Vendor */,
				B87DC8C01BF4F542005FBC8C /* AlarmPlayer.swift */,
				B87DC8B31BF4D754005FBC8C /* AlarmTimeMonitor.swift */,
				B85707731BF2034F000E6639 /* AutoLayoutHelper.swift */,
				B89F08161BF99A8B00BEC64C /* ShortTalkManager.swift */,
				B8274CCF1BEBA78D000FEADE /* SoundPlayer.swift */,
				B8274CD51BEBA7C3000FEADE /* WeatherGetter.swift */,
				B89F083A1BFA140700BEC64C /* LocationGetter.swift */,
				B89F08341BFA0A4E00BEC64C /* GeoCodeGetter.swift */,
			);
			path = Model;
			sourceTree = "<group>";
		};
		B8274CCD1BEBA740000FEADE /* Resources */ = {
			isa = PBXGroup;
			children = (
				B8D9157A1BFB542600630DD5 /* text */,
				B8D9156F1BFB538D00630DD5 /* se */,
				B8D915621BFB537700630DD5 /* img */,
				B87DC8BA1BF4F4CD005FBC8C /* voice */,
				B8274CA91BEBA716000FEADE /* Info.plist */,
			);
			path = Resources;
			sourceTree = "<group>";
		};
		B85707721BF20317000E6639 /* View */ = {
			isa = PBXGroup;
			children = (
				B8A7A4601BF4B3FF003A8723 /* AlarmTimePickersUIView.swift */,
			);
			path = View;
			sourceTree = "<group>";
		};
		B87DC8BA1BF4F4CD005FBC8C /* voice */ = {
			isa = PBXGroup;
			children = (
			);
			path = voice;
			sourceTree = "<group>";
		};
		B87DC8BF1BF4F4FE005FBC8C /* Vendor */ = {
			isa = PBXGroup;
			children = (
				B89F08241BF9A60F00BEC64C /* Regexp.swift */,
				B8274CD81BEBA7FE000FEADE /* SwiftyJSON.swift */,
			);
			path = Vendor;
			sourceTree = "<group>";
		};
		B8D915621BFB537700630DD5 /* img */ = {
			isa = PBXGroup;
			children = (
				B8D915631BFB537700630DD5 /* buttonVoice.png */,
				B8D915741BFB53DF00630DD5 /* buttonAlarm.png */,
				B8D915651BFB537700630DD5 /* hotaruS.png */,
				B8D915781BFB540700630DD5 /* hotaruN.png */,
				B8D915661BFB537700630DD5 /* voiceFrame.png */,
				B8D915761BFB53ED00630DD5 /* set.png */,
				B8D915671BFB537700630DD5 /* アラームセット画面.png */,
				B8D915681BFB537700630DD5 /* ホーム画面背景.png */,
			);
			path = img;
			sourceTree = "<group>";
		};
		B8D9156F1BFB538D00630DD5 /* se */ = {
			isa = PBXGroup;
			children = (
				B8D915721BFB539800630DD5 /* alarm-1.mp3 */,
				B8D915701BFB538D00630DD5 /* nosound.mp3 */,
			);
			path = se;
			sourceTree = "<group>";
		};
		B8D9157A1BFB542600630DD5 /* text */ = {
			isa = PBXGroup;
			children = (
				B8D9157B1BFB542600630DD5 /* sample-utf8.txt */,
			);
			path = text;
			sourceTree = "<group>";
		};
/* End PBXGroup section */

/* Begin PBXNativeTarget section */
		B8274C991BEBA716000FEADE /* PajamaAlarm */ = {
			isa = PBXNativeTarget;
			buildConfigurationList = B8274CC21BEBA716000FEADE /* Build configuration list for PBXNativeTarget "PajamaAlarm" */;
			buildPhases = (
				B8274C961BEBA716000FEADE /* Sources */,
				B8274C971BEBA716000FEADE /* Frameworks */,
				B8274C981BEBA716000FEADE /* Resources */,
			);
			buildRules = (
			);
			dependencies = (
			);
			name = PajamaAlarm;
			productName = PajamaAlarm;
			productReference = B8274C9A1BEBA716000FEADE /* PajamaAlarm.app */;
			productType = "com.apple.product-type.application";
		};
		B8274CAD1BEBA716000FEADE /* PajamaAlarmTests */ = {
			isa = PBXNativeTarget;
			buildConfigurationList = B8274CC51BEBA716000FEADE /* Build configuration list for PBXNativeTarget "PajamaAlarmTests" */;
			buildPhases = (
				B8274CAA1BEBA716000FEADE /* Sources */,
				B8274CAB1BEBA716000FEADE /* Frameworks */,
				B8274CAC1BEBA716000FEADE /* Resources */,
			);
			buildRules = (
			);
			dependencies = (
				B8274CB01BEBA716000FEADE /* PBXTargetDependency */,
			);
			name = PajamaAlarmTests;
			productName = PajamaAlarmTests;
			productReference = B8274CAE1BEBA716000FEADE /* PajamaAlarmTests.xctest */;
			productType = "com.apple.product-type.bundle.unit-test";
		};
		B8274CB81BEBA716000FEADE /* PajamaAlarmUITests */ = {
			isa = PBXNativeTarget;
			buildConfigurationList = B8274CC81BEBA716000FEADE /* Build configuration list for PBXNativeTarget "PajamaAlarmUITests" */;
			buildPhases = (
				B8274CB51BEBA716000FEADE /* Sources */,
				B8274CB61BEBA716000FEADE /* Frameworks */,
				B8274CB71BEBA716000FEADE /* Resources */,
			);
			buildRules = (
			);
			dependencies = (
				B8274CBB1BEBA716000FEADE /* PBXTargetDependency */,
			);
			name = PajamaAlarmUITests;
			productName = PajamaAlarmUITests;
			productReference = B8274CB91BEBA716000FEADE /* PajamaAlarmUITests.xctest */;
			productType = "com.apple.product-type.bundle.ui-testing";
		};
/* End PBXNativeTarget section */

/* Begin PBXProject section */
		B8274C921BEBA716000FEADE /* Project object */ = {
			isa = PBXProject;
			attributes = {
				LastSwiftUpdateCheck = 0710;
				LastUpgradeCheck = 0710;
				ORGANIZATIONNAME = Tsubaki;
				TargetAttributes = {
					B8274C991BEBA716000FEADE = {
						CreatedOnToolsVersion = 7.1;
						DevelopmentTeam = AXM98ZS3RD;
						SystemCapabilities = {
							com.apple.BackgroundModes = {
								enabled = 1;
							};
						};
					};
					B8274CAD1BEBA716000FEADE = {
						CreatedOnToolsVersion = 7.1;
						DevelopmentTeam = AXM98ZS3RD;
						TestTargetID = B8274C991BEBA716000FEADE;
					};
					B8274CB81BEBA716000FEADE = {
						CreatedOnToolsVersion = 7.1;
						DevelopmentTeam = AXM98ZS3RD;
						TestTargetID = B8274C991BEBA716000FEADE;
					};
				};
			};
			buildConfigurationList = B8274C951BEBA716000FEADE /* Build configuration list for PBXProject "PajamaAlarm" */;
			compatibilityVersion = "Xcode 3.2";
			developmentRegion = English;
			hasScannedForEncodings = 0;
			knownRegions = (
				en,
				Base,
			);
			mainGroup = B8274C911BEBA716000FEADE;
			productRefGroup = B8274C9B1BEBA716000FEADE /* Products */;
			projectDirPath = "";
			projectRoot = "";
			targets = (
				B8274C991BEBA716000FEADE /* PajamaAlarm */,
				B8274CAD1BEBA716000FEADE /* PajamaAlarmTests */,
				B8274CB81BEBA716000FEADE /* PajamaAlarmUITests */,
			);
		};
/* End PBXProject section */

/* Begin PBXResourcesBuildPhase section */
		B8274C981BEBA716000FEADE /* Resources */ = {
			isa = PBXResourcesBuildPhase;
			buildActionMask = 2147483647;
			files = (
				B8D915791BFB540700630DD5 /* hotaruN.png in Resources */,
				B8D915771BFB53ED00630DD5 /* set.png in Resources */,
				B8274CA81BEBA716000FEADE /* LaunchScreen.storyboard in Resources */,
				B8D915691BFB537700630DD5 /* buttonVoice.png in Resources */,
				B8D9156B1BFB537700630DD5 /* hotaruS.png in Resources */,
				B8D915731BFB539800630DD5 /* alarm-1.mp3 in Resources */,
				B8274CA51BEBA716000FEADE /* Assets.xcassets in Resources */,
				B8D915751BFB53DF00630DD5 /* buttonAlarm.png in Resources */,
				B8D9156E1BFB537700630DD5 /* ホーム画面背景.png in Resources */,
				B8D9156D1BFB537700630DD5 /* アラームセット画面.png in Resources */,
				B8D915711BFB538D00630DD5 /* nosound.mp3 in Resources */,
				B8D9156C1BFB537700630DD5 /* voiceFrame.png in Resources */,
				B8274CA31BEBA716000FEADE /* Main.storyboard in Resources */,
				B8D9157C1BFB542600630DD5 /* sample-utf8.txt in Resources */,
			);
			runOnlyForDeploymentPostprocessing = 0;
		};
		B8274CAC1BEBA716000FEADE /* Resources */ = {
			isa = PBXResourcesBuildPhase;
			buildActionMask = 2147483647;
			files = (
			);
			runOnlyForDeploymentPostprocessing = 0;
		};
		B8274CB71BEBA716000FEADE /* Resources */ = {
			isa = PBXResourcesBuildPhase;
			buildActionMask = 2147483647;
			files = (
			);
			runOnlyForDeploymentPostprocessing = 0;
		};
/* End PBXResourcesBuildPhase section */

/* Begin PBXSourcesBuildPhase section */
		B8274C961BEBA716000FEADE /* Sources */ = {
			isa = PBXSourcesBuildPhase;
			buildActionMask = 2147483647;
			files = (
				B85707741BF2034F000E6639 /* AutoLayoutHelper.swift in Sources */,
				B87DC8C11BF4F542005FBC8C /* AlarmPlayer.swift in Sources */,
				B89F083B1BFA140800BEC64C /* LocationGetter.swift in Sources */,
				B8274CA01BEBA716000FEADE /* HomeViewController.swift in Sources */,
				B8274CD61BEBA7C3000FEADE /* WeatherGetter.swift in Sources */,
				B89F08171BF99A8B00BEC64C /* ShortTalkManager.swift in Sources */,
				B89F08351BFA0A4E00BEC64C /* GeoCodeGetter.swift in Sources */,
				B89F08251BF9A60F00BEC64C /* Regexp.swift in Sources */,
				B8274CD01BEBA78D000FEADE /* SoundPlayer.swift in Sources */,
				B8274CD91BEBA7FE000FEADE /* SwiftyJSON.swift in Sources */,
				B87DC8B41BF4D754005FBC8C /* AlarmTimeMonitor.swift in Sources */,
				B8A7A4591BF4AF55003A8723 /* SetAlarmViewController.swift in Sources */,
				B8274C9E1BEBA716000FEADE /* AppDelegate.swift in Sources */,
				B8A7A4611BF4B3FF003A8723 /* AlarmTimePickersUIView.swift in Sources */,
				B8274CE31BEBAC6D000FEADE /* ConstantsAndFunctions.swift in Sources */,
			);
			runOnlyForDeploymentPostprocessing = 0;
		};
		B8274CAA1BEBA716000FEADE /* Sources */ = {
			isa = PBXSourcesBuildPhase;
			buildActionMask = 2147483647;
			files = (
				B8A7A45F1BF4B3DD003A8723 /* AutoLayoutHelper.swift in Sources */,
				B8274CE41BEBAC6D000FEADE /* ConstantsAndFunctions.swift in Sources */,
				B89F083C1BFA140800BEC64C /* LocationGetter.swift in Sources */,
				B8274CD11BEBA78D000FEADE /* SoundPlayer.swift in Sources */,
				B89F08381BFA0C3500BEC64C /* GeoCodeGetterTest.swift in Sources */,
				B8274CD71BEBA7C3000FEADE /* WeatherGetter.swift in Sources */,
				B89F08261BF9A60F00BEC64C /* Regexp.swift in Sources */,
				B89F083E1BFAA01B00BEC64C /* LocationGetterTest.swift in Sources */,
				B89F08361BFA0A4E00BEC64C /* GeoCodeGetter.swift in Sources */,
				B89F08331BF9FAC100BEC64C /* WeatherGetterTest.swift in Sources */,
				B89F08181BF99A8B00BEC64C /* ShortTalkManager.swift in Sources */,
				B87DC8B51BF4D754005FBC8C /* AlarmTimeMonitor.swift in Sources */,
				B8A7A45A1BF4AF55003A8723 /* SetAlarmViewController.swift in Sources */,
				B8A7A4621BF4B3FF003A8723 /* AlarmTimePickersUIView.swift in Sources */,
				B8274CB31BEBA716000FEADE /* PajamaAlarmTests.swift in Sources */,
				B8274CDA1BEBA7FE000FEADE /* SwiftyJSON.swift in Sources */,
			);
			runOnlyForDeploymentPostprocessing = 0;
		};
		B8274CB51BEBA716000FEADE /* Sources */ = {
			isa = PBXSourcesBuildPhase;
			buildActionMask = 2147483647;
			files = (
				B8274CBE1BEBA716000FEADE /* PajamaAlarmUITests.swift in Sources */,
			);
			runOnlyForDeploymentPostprocessing = 0;
		};
/* End PBXSourcesBuildPhase section */

/* Begin PBXTargetDependency section */
		B8274CB01BEBA716000FEADE /* PBXTargetDependency */ = {
			isa = PBXTargetDependency;
			target = B8274C991BEBA716000FEADE /* PajamaAlarm */;
			targetProxy = B8274CAF1BEBA716000FEADE /* PBXContainerItemProxy */;
		};
		B8274CBB1BEBA716000FEADE /* PBXTargetDependency */ = {
			isa = PBXTargetDependency;
			target = B8274C991BEBA716000FEADE /* PajamaAlarm */;
			targetProxy = B8274CBA1BEBA716000FEADE /* PBXContainerItemProxy */;
		};
/* End PBXTargetDependency section */

/* Begin PBXVariantGroup section */
		B8274CA11BEBA716000FEADE /* Main.storyboard */ = {
			isa = PBXVariantGroup;
			children = (
				B8274CA21BEBA716000FEADE /* Base */,
			);
			name = Main.storyboard;
			path = .;
			sourceTree = "<group>";
		};
		B8274CA61BEBA716000FEADE /* LaunchScreen.storyboard */ = {
			isa = PBXVariantGroup;
			children = (
				B8274CA71BEBA716000FEADE /* Base */,
			);
			name = LaunchScreen.storyboard;
			path = .;
			sourceTree = "<group>";
		};
/* End PBXVariantGroup section */

/* Begin XCBuildConfiguration section */
		B8274CC01BEBA716000FEADE /* Debug */ = {
			isa = XCBuildConfiguration;
			buildSettings = {
				ALWAYS_SEARCH_USER_PATHS = NO;
				CLANG_CXX_LANGUAGE_STANDARD = "gnu++0x";
				CLANG_CXX_LIBRARY = "libc++";
				CLANG_ENABLE_MODULES = YES;
				CLANG_ENABLE_OBJC_ARC = YES;
				CLANG_WARN_BOOL_CONVERSION = YES;
				CLANG_WARN_CONSTANT_CONVERSION = YES;
				CLANG_WARN_DIRECT_OBJC_ISA_USAGE = YES_ERROR;
				CLANG_WARN_EMPTY_BODY = YES;
				CLANG_WARN_ENUM_CONVERSION = YES;
				CLANG_WARN_INT_CONVERSION = YES;
				CLANG_WARN_OBJC_ROOT_CLASS = YES_ERROR;
				CLANG_WARN_UNREACHABLE_CODE = YES;
				CLANG_WARN__DUPLICATE_METHOD_MATCH = YES;
				"CODE_SIGN_IDENTITY[sdk=iphoneos*]" = "iPhone Developer";
				COPY_PHASE_STRIP = NO;
				DEBUG_INFORMATION_FORMAT = dwarf;
				ENABLE_STRICT_OBJC_MSGSEND = YES;
				ENABLE_TESTABILITY = YES;
				GCC_C_LANGUAGE_STANDARD = gnu99;
				GCC_DYNAMIC_NO_PIC = NO;
				GCC_NO_COMMON_BLOCKS = YES;
				GCC_OPTIMIZATION_LEVEL = 0;
				GCC_PREPROCESSOR_DEFINITIONS = (
					"DEBUG=1",
					"$(inherited)",
				);
				GCC_WARN_64_TO_32_BIT_CONVERSION = YES;
				GCC_WARN_ABOUT_RETURN_TYPE = YES_ERROR;
				GCC_WARN_UNDECLARED_SELECTOR = YES;
				GCC_WARN_UNINITIALIZED_AUTOS = YES_AGGRESSIVE;
				GCC_WARN_UNUSED_FUNCTION = YES;
				GCC_WARN_UNUSED_VARIABLE = YES;
				IPHONEOS_DEPLOYMENT_TARGET = 9.1;
				MTL_ENABLE_DEBUG_INFO = YES;
				ONLY_ACTIVE_ARCH = YES;
				SDKROOT = iphoneos;
				SWIFT_OPTIMIZATION_LEVEL = "-Onone";
			};
			name = Debug;
		};
		B8274CC11BEBA716000FEADE /* Release */ = {
			isa = XCBuildConfiguration;
			buildSettings = {
				ALWAYS_SEARCH_USER_PATHS = NO;
				CLANG_CXX_LANGUAGE_STANDARD = "gnu++0x";
				CLANG_CXX_LIBRARY = "libc++";
				CLANG_ENABLE_MODULES = YES;
				CLANG_ENABLE_OBJC_ARC = YES;
				CLANG_WARN_BOOL_CONVERSION = YES;
				CLANG_WARN_CONSTANT_CONVERSION = YES;
				CLANG_WARN_DIRECT_OBJC_ISA_USAGE = YES_ERROR;
				CLANG_WARN_EMPTY_BODY = YES;
				CLANG_WARN_ENUM_CONVERSION = YES;
				CLANG_WARN_INT_CONVERSION = YES;
				CLANG_WARN_OBJC_ROOT_CLASS = YES_ERROR;
				CLANG_WARN_UNREACHABLE_CODE = YES;
				CLANG_WARN__DUPLICATE_METHOD_MATCH = YES;
				"CODE_SIGN_IDENTITY[sdk=iphoneos*]" = "iPhone Developer";
				COPY_PHASE_STRIP = NO;
				DEBUG_INFORMATION_FORMAT = "dwarf-with-dsym";
				ENABLE_NS_ASSERTIONS = NO;
				ENABLE_STRICT_OBJC_MSGSEND = YES;
				GCC_C_LANGUAGE_STANDARD = gnu99;
				GCC_NO_COMMON_BLOCKS = YES;
				GCC_WARN_64_TO_32_BIT_CONVERSION = YES;
				GCC_WARN_ABOUT_RETURN_TYPE = YES_ERROR;
				GCC_WARN_UNDECLARED_SELECTOR = YES;
				GCC_WARN_UNINITIALIZED_AUTOS = YES_AGGRESSIVE;
				GCC_WARN_UNUSED_FUNCTION = YES;
				GCC_WARN_UNUSED_VARIABLE = YES;
				IPHONEOS_DEPLOYMENT_TARGET = 9.1;
				MTL_ENABLE_DEBUG_INFO = NO;
				SDKROOT = iphoneos;
				VALIDATE_PRODUCT = YES;
			};
			name = Release;
		};
		B8274CC31BEBA716000FEADE /* Debug */ = {
			isa = XCBuildConfiguration;
			buildSettings = {
				ASSETCATALOG_COMPILER_APPICON_NAME = AppIcon;
				ASSETCATALOG_COMPILER_LAUNCHIMAGE_NAME = "Brand Assets";
				INFOPLIST_FILE = PajamaAlarm/Resources/Info.plist;
				IPHONEOS_DEPLOYMENT_TARGET = 8.0;
				LD_RUNPATH_SEARCH_PATHS = "$(inherited) @executable_path/Frameworks";
				PRODUCT_BUNDLE_IDENTIFIER = Ts.PajamaAlarm;
				PRODUCT_NAME = "$(TARGET_NAME)";
			};
			name = Debug;
		};
		B8274CC41BEBA716000FEADE /* Release */ = {
			isa = XCBuildConfiguration;
			buildSettings = {
				ASSETCATALOG_COMPILER_APPICON_NAME = AppIcon;
				ASSETCATALOG_COMPILER_LAUNCHIMAGE_NAME = "Brand Assets";
				INFOPLIST_FILE = PajamaAlarm/Resources/Info.plist;
				IPHONEOS_DEPLOYMENT_TARGET = 8.0;
				LD_RUNPATH_SEARCH_PATHS = "$(inherited) @executable_path/Frameworks";
				PRODUCT_BUNDLE_IDENTIFIER = Ts.PajamaAlarm;
				PRODUCT_NAME = "$(TARGET_NAME)";
			};
			name = Release;
		};
		B8274CC61BEBA716000FEADE /* Debug */ = {
			isa = XCBuildConfiguration;
			buildSettings = {
				BUNDLE_LOADER = "$(TEST_HOST)";
				INFOPLIST_FILE = PajamaAlarmTests/Info.plist;
				LD_RUNPATH_SEARCH_PATHS = "$(inherited) @executable_path/Frameworks @loader_path/Frameworks";
				PRODUCT_BUNDLE_IDENTIFIER = Ts.PajamaAlarmTests;
				PRODUCT_NAME = "$(TARGET_NAME)";
				TEST_HOST = "$(BUILT_PRODUCTS_DIR)/PajamaAlarm.app/PajamaAlarm";
			};
			name = Debug;
		};
		B8274CC71BEBA716000FEADE /* Release */ = {
			isa = XCBuildConfiguration;
			buildSettings = {
				BUNDLE_LOADER = "$(TEST_HOST)";
				INFOPLIST_FILE = PajamaAlarmTests/Info.plist;
				LD_RUNPATH_SEARCH_PATHS = "$(inherited) @executable_path/Frameworks @loader_path/Frameworks";
				PRODUCT_BUNDLE_IDENTIFIER = Ts.PajamaAlarmTests;
				PRODUCT_NAME = "$(TARGET_NAME)";
				TEST_HOST = "$(BUILT_PRODUCTS_DIR)/PajamaAlarm.app/PajamaAlarm";
			};
			name = Release;
		};
		B8274CC91BEBA716000FEADE /* Debug */ = {
			isa = XCBuildConfiguration;
			buildSettings = {
				INFOPLIST_FILE = PajamaAlarmUITests/Info.plist;
				LD_RUNPATH_SEARCH_PATHS = "$(inherited) @executable_path/Frameworks @loader_path/Frameworks";
				PRODUCT_BUNDLE_IDENTIFIER = Ts.PajamaAlarmUITests;
				PRODUCT_NAME = "$(TARGET_NAME)";
				TEST_TARGET_NAME = PajamaAlarm;
				USES_XCTRUNNER = YES;
			};
			name = Debug;
		};
		B8274CCA1BEBA716000FEADE /* Release */ = {
			isa = XCBuildConfiguration;
			buildSettings = {
				INFOPLIST_FILE = PajamaAlarmUITests/Info.plist;
				LD_RUNPATH_SEARCH_PATHS = "$(inherited) @executable_path/Frameworks @loader_path/Frameworks";
				PRODUCT_BUNDLE_IDENTIFIER = Ts.PajamaAlarmUITests;
				PRODUCT_NAME = "$(TARGET_NAME)";
				TEST_TARGET_NAME = PajamaAlarm;
				USES_XCTRUNNER = YES;
			};
			name = Release;
		};
/* End XCBuildConfiguration section */

/* Begin XCConfigurationList section */
		B8274C951BEBA716000FEADE /* Build configuration list for PBXProject "PajamaAlarm" */ = {
			isa = XCConfigurationList;
			buildConfigurations = (
				B8274CC01BEBA716000FEADE /* Debug */,
				B8274CC11BEBA716000FEADE /* Release */,
			);
			defaultConfigurationIsVisible = 0;
			defaultConfigurationName = Release;
		};
		B8274CC21BEBA716000FEADE /* Build configuration list for PBXNativeTarget "PajamaAlarm" */ = {
			isa = XCConfigurationList;
			buildConfigurations = (
				B8274CC31BEBA716000FEADE /* Debug */,
				B8274CC41BEBA716000FEADE /* Release */,
			);
			defaultConfigurationIsVisible = 0;
			defaultConfigurationName = Release;
		};
		B8274CC51BEBA716000FEADE /* Build configuration list for PBXNativeTarget "PajamaAlarmTests" */ = {
			isa = XCConfigurationList;
			buildConfigurations = (
				B8274CC61BEBA716000FEADE /* Debug */,
				B8274CC71BEBA716000FEADE /* Release */,
			);
			defaultConfigurationIsVisible = 0;
			defaultConfigurationName = Release;
		};
		B8274CC81BEBA716000FEADE /* Build configuration list for PBXNativeTarget "PajamaAlarmUITests" */ = {
			isa = XCConfigurationList;
			buildConfigurations = (
				B8274CC91BEBA716000FEADE /* Debug */,
				B8274CCA1BEBA716000FEADE /* Release */,
			);
			defaultConfigurationIsVisible = 0;
			defaultConfigurationName = Release;
		};
/* End XCConfigurationList section */
	};
	rootObject = B8274C921BEBA716000FEADE /* Project object */;
}
