// !$*UTF8*$!
{
	archiveVersion = 1;
	classes = {
	};
	objectVersion = 46;
	objects = {

/* Begin PBXBuildFile section */
		B80568001C181E36003F4E68 /* おはようボイス_可愛い_0_0.mp3 in Resources */ = {isa = PBXBuildFile; fileRef = B80567FE1C181E36003F4E68 /* おはようボイス_可愛い_0_0.mp3 */; };
		B80568011C181E36003F4E68 /* おはようボイス_可愛い_0_1.mp3 in Resources */ = {isa = PBXBuildFile; fileRef = B80567FF1C181E36003F4E68 /* おはようボイス_可愛い_0_1.mp3 */; };
		B80568041C18226A003F4E68 /* おはようボイス_可愛い_2_0.mp3 in Resources */ = {isa = PBXBuildFile; fileRef = B80568021C18226A003F4E68 /* おはようボイス_可愛い_2_0.mp3 */; };
		B80568051C18226A003F4E68 /* おはようボイス_可愛い_2_1.mp3 in Resources */ = {isa = PBXBuildFile; fileRef = B80568031C18226A003F4E68 /* おはようボイス_可愛い_2_1.mp3 */; };
		B80568071C184E52003F4E68 /* おはようボイス_ささやき_0.mp3 in Resources */ = {isa = PBXBuildFile; fileRef = B80568061C184E52003F4E68 /* おはようボイス_ささやき_0.mp3 */; };
		B80568111C1871C9003F4E68 /* メッセージウィンドウ.png in Resources */ = {isa = PBXBuildFile; fileRef = B80568101C1871C9003F4E68 /* メッセージウィンドウ.png */; };
		B80568141C187A33003F4E68 /* FadeLabel.swift in Sources */ = {isa = PBXBuildFile; fileRef = B80568131C187A33003F4E68 /* FadeLabel.swift */; };
		B80568151C187A33003F4E68 /* FadeLabel.swift in Sources */ = {isa = PBXBuildFile; fileRef = B80568131C187A33003F4E68 /* FadeLabel.swift */; };
		B80568171C187A8C003F4E68 /* SampleViewController.swift in Sources */ = {isa = PBXBuildFile; fileRef = B80568161C187A8C003F4E68 /* SampleViewController.swift */; };
		B80568181C187A8C003F4E68 /* SampleViewController.swift in Sources */ = {isa = PBXBuildFile; fileRef = B80568161C187A8C003F4E68 /* SampleViewController.swift */; };
		B805681A1C187F56003F4E68 /* UIOutlineLabel.swift in Sources */ = {isa = PBXBuildFile; fileRef = B80568191C187F56003F4E68 /* UIOutlineLabel.swift */; };
		B805681B1C187F56003F4E68 /* UIOutlineLabel.swift in Sources */ = {isa = PBXBuildFile; fileRef = B80568191C187F56003F4E68 /* UIOutlineLabel.swift */; };
		B81D60C71C041B4000726CA8 /* AlarmTimeMonitorTest.swift in Sources */ = {isa = PBXBuildFile; fileRef = B81D60C61C041B4000726CA8 /* AlarmTimeMonitorTest.swift */; };
		B81D60CC1C044A4200726CA8 /* おはようボイス.txt in Resources */ = {isa = PBXBuildFile; fileRef = B81D60CB1C044A4200726CA8 /* おはようボイス.txt */; };
		B81D60CD1C044A4200726CA8 /* おはようボイス.txt in Resources */ = {isa = PBXBuildFile; fileRef = B81D60CB1C044A4200726CA8 /* おはようボイス.txt */; };
		B81D60D41C046AB000726CA8 /* MorningVoiceBuilderTest.swift in Sources */ = {isa = PBXBuildFile; fileRef = B81D60D31C046AB000726CA8 /* MorningVoiceBuilderTest.swift */; };
		B81D60E01C0499F500726CA8 /* alarm-2.mp3 in Resources */ = {isa = PBXBuildFile; fileRef = B81D60DE1C0499F500726CA8 /* alarm-2.mp3 */; };
		B81D60E11C0499F500726CA8 /* alarm-2.mp3 in Resources */ = {isa = PBXBuildFile; fileRef = B81D60DE1C0499F500726CA8 /* alarm-2.mp3 */; };
		B81D60E21C0499F500726CA8 /* alarm-3.mp3 in Resources */ = {isa = PBXBuildFile; fileRef = B81D60DF1C0499F500726CA8 /* alarm-3.mp3 */; };
		B81D60E31C0499F500726CA8 /* alarm-3.mp3 in Resources */ = {isa = PBXBuildFile; fileRef = B81D60DF1C0499F500726CA8 /* alarm-3.mp3 */; };
		B8274C9E1BEBA716000FEADE /* AppDelegate.swift in Sources */ = {isa = PBXBuildFile; fileRef = B8274C9D1BEBA716000FEADE /* AppDelegate.swift */; };
		B8274CA01BEBA716000FEADE /* HomeViewController.swift in Sources */ = {isa = PBXBuildFile; fileRef = B8274C9F1BEBA716000FEADE /* HomeViewController.swift */; };
		B8274CA31BEBA716000FEADE /* Main.storyboard in Resources */ = {isa = PBXBuildFile; fileRef = B8274CA11BEBA716000FEADE /* Main.storyboard */; };
		B8274CA51BEBA716000FEADE /* Assets.xcassets in Resources */ = {isa = PBXBuildFile; fileRef = B8274CA41BEBA716000FEADE /* Assets.xcassets */; };
		B8274CA81BEBA716000FEADE /* LaunchScreen.storyboard in Resources */ = {isa = PBXBuildFile; fileRef = B8274CA61BEBA716000FEADE /* LaunchScreen.storyboard */; };
		B8274CB31BEBA716000FEADE /* PajamaAlarmTests.swift in Sources */ = {isa = PBXBuildFile; fileRef = B8274CB21BEBA716000FEADE /* PajamaAlarmTests.swift */; };
		B8274CBE1BEBA716000FEADE /* PajamaAlarmUITests.swift in Sources */ = {isa = PBXBuildFile; fileRef = B8274CBD1BEBA716000FEADE /* PajamaAlarmUITests.swift */; };
		B8274CD01BEBA78D000FEADE /* SoundPlayer.swift in Sources */ = {isa = PBXBuildFile; fileRef = B8274CCF1BEBA78D000FEADE /* SoundPlayer.swift */; };
		B8274CD11BEBA78D000FEADE /* SoundPlayer.swift in Sources */ = {isa = PBXBuildFile; fileRef = B8274CCF1BEBA78D000FEADE /* SoundPlayer.swift */; };
		B8274CD61BEBA7C3000FEADE /* WeatherGetter.swift in Sources */ = {isa = PBXBuildFile; fileRef = B8274CD51BEBA7C3000FEADE /* WeatherGetter.swift */; };
		B8274CD71BEBA7C3000FEADE /* WeatherGetter.swift in Sources */ = {isa = PBXBuildFile; fileRef = B8274CD51BEBA7C3000FEADE /* WeatherGetter.swift */; };
		B8274CD91BEBA7FE000FEADE /* SwiftyJSON.swift in Sources */ = {isa = PBXBuildFile; fileRef = B8274CD81BEBA7FE000FEADE /* SwiftyJSON.swift */; };
		B8274CDA1BEBA7FE000FEADE /* SwiftyJSON.swift in Sources */ = {isa = PBXBuildFile; fileRef = B8274CD81BEBA7FE000FEADE /* SwiftyJSON.swift */; };
		B8274CE31BEBAC6D000FEADE /* Functions.swift in Sources */ = {isa = PBXBuildFile; fileRef = B8274CE21BEBAC6D000FEADE /* Functions.swift */; };
		B8274CE41BEBAC6D000FEADE /* Functions.swift in Sources */ = {isa = PBXBuildFile; fileRef = B8274CE21BEBAC6D000FEADE /* Functions.swift */; };
		B83D3D831C15CF5200A0E8B1 /* おはようボイス_可愛い_1.mp3 in Resources */ = {isa = PBXBuildFile; fileRef = B83D3D801C15CF5200A0E8B1 /* おはようボイス_可愛い_1.mp3 */; };
		B83D3D841C15CF5200A0E8B1 /* おはようボイス_可愛い_1.mp3 in Resources */ = {isa = PBXBuildFile; fileRef = B83D3D801C15CF5200A0E8B1 /* おはようボイス_可愛い_1.mp3 */; };
		B85707741BF2034F000E6639 /* AutoLayoutHelper.swift in Sources */ = {isa = PBXBuildFile; fileRef = B85707731BF2034F000E6639 /* AutoLayoutHelper.swift */; };
		B87321761C12D4C100454678 /* hotaruSLP.png in Resources */ = {isa = PBXBuildFile; fileRef = B87321751C12D4C100454678 /* hotaruSLP.png */; };
		B87321771C12D4C100454678 /* hotaruSLP.png in Resources */ = {isa = PBXBuildFile; fileRef = B87321751C12D4C100454678 /* hotaruSLP.png */; };
		B87321851C12F5CF00454678 /* MorningVoiceBuilder.swift in Sources */ = {isa = PBXBuildFile; fileRef = B87321841C12F5CF00454678 /* MorningVoiceBuilder.swift */; };
		B87321861C12F5CF00454678 /* MorningVoiceBuilder.swift in Sources */ = {isa = PBXBuildFile; fileRef = B87321841C12F5CF00454678 /* MorningVoiceBuilder.swift */; };
		B87321881C12F8C300454678 /* ShortTalkBuilder.swift in Sources */ = {isa = PBXBuildFile; fileRef = B87321871C12F8C200454678 /* ShortTalkBuilder.swift */; };
		B87321891C12F8C300454678 /* ShortTalkBuilder.swift in Sources */ = {isa = PBXBuildFile; fileRef = B87321871C12F8C200454678 /* ShortTalkBuilder.swift */; };
		B873EF961BFF489A00B8DDE7 /* WeatherFileManager.swift in Sources */ = {isa = PBXBuildFile; fileRef = B873EF951BFF489A00B8DDE7 /* WeatherFileManager.swift */; };
		B873EF971BFF489F00B8DDE7 /* WeatherFileManager.swift in Sources */ = {isa = PBXBuildFile; fileRef = B873EF951BFF489A00B8DDE7 /* WeatherFileManager.swift */; };
		B873EF991BFF4C1800B8DDE7 /* WeatherFileManagerTest.swift in Sources */ = {isa = PBXBuildFile; fileRef = B873EF981BFF4C1800B8DDE7 /* WeatherFileManagerTest.swift */; };
		B87CB7E11BFC4D7D0059872C /* Constants.swift in Sources */ = {isa = PBXBuildFile; fileRef = B87CB7E01BFC4D7D0059872C /* Constants.swift */; };
		B87CB7E21BFC4D7D0059872C /* Constants.swift in Sources */ = {isa = PBXBuildFile; fileRef = B87CB7E01BFC4D7D0059872C /* Constants.swift */; };
		B87DC8B41BF4D754005FBC8C /* AlarmTimeMonitor.swift in Sources */ = {isa = PBXBuildFile; fileRef = B87DC8B31BF4D754005FBC8C /* AlarmTimeMonitor.swift */; };
		B87DC8B51BF4D754005FBC8C /* AlarmTimeMonitor.swift in Sources */ = {isa = PBXBuildFile; fileRef = B87DC8B31BF4D754005FBC8C /* AlarmTimeMonitor.swift */; };
		B87DC8C11BF4F542005FBC8C /* AlarmPlayer.swift in Sources */ = {isa = PBXBuildFile; fileRef = B87DC8C01BF4F542005FBC8C /* AlarmPlayer.swift */; };
		B87E7A0E1C0329A500D492D2 /* VoiceFileManager.swift in Sources */ = {isa = PBXBuildFile; fileRef = B87E7A0D1C0329A500D492D2 /* VoiceFileManager.swift */; };
		B87E7A0F1C0329A500D492D2 /* VoiceFileManager.swift in Sources */ = {isa = PBXBuildFile; fileRef = B87E7A0D1C0329A500D492D2 /* VoiceFileManager.swift */; };
		B87E7A111C03410300D492D2 /* VoiceFileManagerTest.swift in Sources */ = {isa = PBXBuildFile; fileRef = B87E7A101C03410300D492D2 /* VoiceFileManagerTest.swift */; };
		B87E7A131C03415900D492D2 /* 挨拶.txt in Resources */ = {isa = PBXBuildFile; fileRef = B87E7A121C03415900D492D2 /* 挨拶.txt */; };
		B87E7A141C03415900D492D2 /* 挨拶.txt in Resources */ = {isa = PBXBuildFile; fileRef = B87E7A121C03415900D492D2 /* 挨拶.txt */; };
		B87E7A161C03427600D492D2 /* ひとこと.txt in Resources */ = {isa = PBXBuildFile; fileRef = B87E7A151C03427600D492D2 /* ひとこと.txt */; };
		B87E7A171C03427600D492D2 /* ひとこと.txt in Resources */ = {isa = PBXBuildFile; fileRef = B87E7A151C03427600D492D2 /* ひとこと.txt */; };
		B887A3271C036FE90065FF6D /* ShortTalkBuilderTest.swift in Sources */ = {isa = PBXBuildFile; fileRef = B887A3261C036FE90065FF6D /* ShortTalkBuilderTest.swift */; };
		B88C995A1C02D08F000581CA /* greeting.txt in Resources */ = {isa = PBXBuildFile; fileRef = B88C99591C02D08F000581CA /* greeting.txt */; };
		B88C995B1C02D08F000581CA /* greeting.txt in Resources */ = {isa = PBXBuildFile; fileRef = B88C99591C02D08F000581CA /* greeting.txt */; };
		B89F08251BF9A60F00BEC64C /* Regexp.swift in Sources */ = {isa = PBXBuildFile; fileRef = B89F08241BF9A60F00BEC64C /* Regexp.swift */; };
		B89F08261BF9A60F00BEC64C /* Regexp.swift in Sources */ = {isa = PBXBuildFile; fileRef = B89F08241BF9A60F00BEC64C /* Regexp.swift */; };
		B89F08331BF9FAC100BEC64C /* WeatherGetterTest.swift in Sources */ = {isa = PBXBuildFile; fileRef = B89F08321BF9FAC100BEC64C /* WeatherGetterTest.swift */; };
		B89F083B1BFA140800BEC64C /* LocationGetter.swift in Sources */ = {isa = PBXBuildFile; fileRef = B89F083A1BFA140700BEC64C /* LocationGetter.swift */; };
		B89F083C1BFA140800BEC64C /* LocationGetter.swift in Sources */ = {isa = PBXBuildFile; fileRef = B89F083A1BFA140700BEC64C /* LocationGetter.swift */; };
		B89F083E1BFAA01B00BEC64C /* LocationGetterTest.swift in Sources */ = {isa = PBXBuildFile; fileRef = B89F083D1BFAA01B00BEC64C /* LocationGetterTest.swift */; };
		B8A7A4591BF4AF55003A8723 /* SetAlarmViewController.swift in Sources */ = {isa = PBXBuildFile; fileRef = B8A7A4581BF4AF55003A8723 /* SetAlarmViewController.swift */; };
		B8A7A45A1BF4AF55003A8723 /* SetAlarmViewController.swift in Sources */ = {isa = PBXBuildFile; fileRef = B8A7A4581BF4AF55003A8723 /* SetAlarmViewController.swift */; };
		B8A7A45F1BF4B3DD003A8723 /* AutoLayoutHelper.swift in Sources */ = {isa = PBXBuildFile; fileRef = B85707731BF2034F000E6639 /* AutoLayoutHelper.swift */; };
		B8A7A4611BF4B3FF003A8723 /* AlarmTimePickersUIView.swift in Sources */ = {isa = PBXBuildFile; fileRef = B8A7A4601BF4B3FF003A8723 /* AlarmTimePickersUIView.swift */; };
		B8A7A4621BF4B3FF003A8723 /* AlarmTimePickersUIView.swift in Sources */ = {isa = PBXBuildFile; fileRef = B8A7A4601BF4B3FF003A8723 /* AlarmTimePickersUIView.swift */; };
		B8B126191C18A0E600375D95 /* HuiFont29.ttf in Resources */ = {isa = PBXBuildFile; fileRef = B8B126181C18A0E600375D95 /* HuiFont29.ttf */; };
		B8B126201C18A57100375D95 /* GeosansLight.ttf in Resources */ = {isa = PBXBuildFile; fileRef = B8B1261A1C18A57100375D95 /* GeosansLight.ttf */; };
		B8B126211C18A57100375D95 /* GeosansLight.ttf in Resources */ = {isa = PBXBuildFile; fileRef = B8B1261A1C18A57100375D95 /* GeosansLight.ttf */; };
		B8B126221C18A57100375D95 /* NfMotoyaAporoStd-W1.otf in Resources */ = {isa = PBXBuildFile; fileRef = B8B1261B1C18A57100375D95 /* NfMotoyaAporoStd-W1.otf */; };
		B8B126231C18A57100375D95 /* NfMotoyaAporoStd-W1.otf in Resources */ = {isa = PBXBuildFile; fileRef = B8B1261B1C18A57100375D95 /* NfMotoyaAporoStd-W1.otf */; };
		B8B126241C18A57100375D95 /* azuki.ttf in Resources */ = {isa = PBXBuildFile; fileRef = B8B1261C1C18A57100375D95 /* azuki.ttf */; };
		B8B126251C18A57100375D95 /* azuki.ttf in Resources */ = {isa = PBXBuildFile; fileRef = B8B1261C1C18A57100375D95 /* azuki.ttf */; };
		B8B126261C18A57100375D95 /* MTLc3m.ttf in Resources */ = {isa = PBXBuildFile; fileRef = B8B1261D1C18A57100375D95 /* MTLc3m.ttf */; };
		B8B126271C18A57100375D95 /* MTLc3m.ttf in Resources */ = {isa = PBXBuildFile; fileRef = B8B1261D1C18A57100375D95 /* MTLc3m.ttf */; };
		B8B126281C18A57100375D95 /* MTLmr3m.ttf in Resources */ = {isa = PBXBuildFile; fileRef = B8B1261E1C18A57100375D95 /* MTLmr3m.ttf */; };
		B8B126291C18A57100375D95 /* MTLmr3m.ttf in Resources */ = {isa = PBXBuildFile; fileRef = B8B1261E1C18A57100375D95 /* MTLmr3m.ttf */; };
		B8B1262A1C18A57100375D95 /* APJapanesefont.ttf in Resources */ = {isa = PBXBuildFile; fileRef = B8B1261F1C18A57100375D95 /* APJapanesefont.ttf */; };
		B8B1262B1C18A57100375D95 /* APJapanesefont.ttf in Resources */ = {isa = PBXBuildFile; fileRef = B8B1261F1C18A57100375D95 /* APJapanesefont.ttf */; };
		B8B1262E1C18AD2700375D95 /* hotaruSML_2.png in Resources */ = {isa = PBXBuildFile; fileRef = B8B1262C1C18AD2700375D95 /* hotaruSML_2.png */; };
		B8B1262F1C18AD2700375D95 /* hotaruSML_2.png in Resources */ = {isa = PBXBuildFile; fileRef = B8B1262C1C18AD2700375D95 /* hotaruSML_2.png */; };
		B8B126301C18AD2700375D95 /* hotaruSML_1.png in Resources */ = {isa = PBXBuildFile; fileRef = B8B1262D1C18AD2700375D95 /* hotaruSML_1.png */; };
		B8B126311C18AD2700375D95 /* hotaruSML_1.png in Resources */ = {isa = PBXBuildFile; fileRef = B8B1262D1C18AD2700375D95 /* hotaruSML_1.png */; };
		B8B1263A1C18B7E600375D95 /* おはようボイス_あまめ_0_0.mp3 in Resources */ = {isa = PBXBuildFile; fileRef = B8B126321C18B7E600375D95 /* おはようボイス_あまめ_0_0.mp3 */; };
		B8B1263B1C18B7E600375D95 /* おはようボイス_あまめ_0_0.mp3 in Resources */ = {isa = PBXBuildFile; fileRef = B8B126321C18B7E600375D95 /* おはようボイス_あまめ_0_0.mp3 */; };
		B8B1263C1C18B7E600375D95 /* おはようボイス_あまめ_0_1.mp3 in Resources */ = {isa = PBXBuildFile; fileRef = B8B126331C18B7E600375D95 /* おはようボイス_あまめ_0_1.mp3 */; };
		B8B1263D1C18B7E600375D95 /* おはようボイス_あまめ_0_1.mp3 in Resources */ = {isa = PBXBuildFile; fileRef = B8B126331C18B7E600375D95 /* おはようボイス_あまめ_0_1.mp3 */; };
		B8B1263E1C18B7E600375D95 /* おはようボイス_あまめ_0_2.mp3 in Resources */ = {isa = PBXBuildFile; fileRef = B8B126341C18B7E600375D95 /* おはようボイス_あまめ_0_2.mp3 */; };
		B8B1263F1C18B7E600375D95 /* おはようボイス_あまめ_0_2.mp3 in Resources */ = {isa = PBXBuildFile; fileRef = B8B126341C18B7E600375D95 /* おはようボイス_あまめ_0_2.mp3 */; };
		B8B126401C18B7E600375D95 /* おはようボイス_天気_0.mp3 in Resources */ = {isa = PBXBuildFile; fileRef = B8B126351C18B7E600375D95 /* おはようボイス_天気_0.mp3 */; };
		B8B126411C18B7E600375D95 /* おはようボイス_天気_0.mp3 in Resources */ = {isa = PBXBuildFile; fileRef = B8B126351C18B7E600375D95 /* おはようボイス_天気_0.mp3 */; };
		B8B126421C18B7E600375D95 /* おはようボイス_天気_1.mp3 in Resources */ = {isa = PBXBuildFile; fileRef = B8B126361C18B7E600375D95 /* おはようボイス_天気_1.mp3 */; };
		B8B126431C18B7E600375D95 /* おはようボイス_天気_1.mp3 in Resources */ = {isa = PBXBuildFile; fileRef = B8B126361C18B7E600375D95 /* おはようボイス_天気_1.mp3 */; };
		B8B126441C18B7E600375D95 /* おはようボイス_天気_2.mp3 in Resources */ = {isa = PBXBuildFile; fileRef = B8B126371C18B7E600375D95 /* おはようボイス_天気_2.mp3 */; };
		B8B126451C18B7E600375D95 /* おはようボイス_天気_2.mp3 in Resources */ = {isa = PBXBuildFile; fileRef = B8B126371C18B7E600375D95 /* おはようボイス_天気_2.mp3 */; };
		B8B126461C18B7E600375D95 /* おはようボイス_天気_3.mp3 in Resources */ = {isa = PBXBuildFile; fileRef = B8B126381C18B7E600375D95 /* おはようボイス_天気_3.mp3 */; };
		B8B126471C18B7E600375D95 /* おはようボイス_天気_3.mp3 in Resources */ = {isa = PBXBuildFile; fileRef = B8B126381C18B7E600375D95 /* おはようボイス_天気_3.mp3 */; };
		B8B126481C18B7E600375D95 /* おはようボイス_天気_4.mp3 in Resources */ = {isa = PBXBuildFile; fileRef = B8B126391C18B7E600375D95 /* おはようボイス_天気_4.mp3 */; };
		B8B126491C18B7E600375D95 /* おはようボイス_天気_4.mp3 in Resources */ = {isa = PBXBuildFile; fileRef = B8B126391C18B7E600375D95 /* おはようボイス_天気_4.mp3 */; };
		B8B1264B1C19738100375D95 /* メッセージウィンドウ2.png in Resources */ = {isa = PBXBuildFile; fileRef = B8B1264A1C19738100375D95 /* メッセージウィンドウ2.png */; };
		B8B1264C1C19738100375D95 /* メッセージウィンドウ2.png in Resources */ = {isa = PBXBuildFile; fileRef = B8B1264A1C19738100375D95 /* メッセージウィンドウ2.png */; };
		B8C11E151C05977F0064C8A1 /* XCGLogger.swift in Sources */ = {isa = PBXBuildFile; fileRef = B8C11E141C05977F0064C8A1 /* XCGLogger.swift */; };
		B8C11E171C05DF650064C8A1 /* koron.wav in Resources */ = {isa = PBXBuildFile; fileRef = B8C11E161C05DF650064C8A1 /* koron.wav */; };
		B8C11E191C06D4B50064C8A1 /* SWXMLHash.swift in Sources */ = {isa = PBXBuildFile; fileRef = B8C11E181C06D4B50064C8A1 /* SWXMLHash.swift */; };
		B8C11E1A1C06D4B50064C8A1 /* SWXMLHash.swift in Sources */ = {isa = PBXBuildFile; fileRef = B8C11E181C06D4B50064C8A1 /* SWXMLHash.swift */; };
		B8D915691BFB537700630DD5 /* buttonVoice.png in Resources */ = {isa = PBXBuildFile; fileRef = B8D915631BFB537700630DD5 /* buttonVoice.png */; };
		B8D9156B1BFB537700630DD5 /* hotaruSML.png in Resources */ = {isa = PBXBuildFile; fileRef = B8D915651BFB537700630DD5 /* hotaruSML.png */; };
		B8D9156D1BFB537700630DD5 /* アラームセット画面.png in Resources */ = {isa = PBXBuildFile; fileRef = B8D915671BFB537700630DD5 /* アラームセット画面.png */; };
		B8D9156E1BFB537700630DD5 /* ホーム画面背景.png in Resources */ = {isa = PBXBuildFile; fileRef = B8D915681BFB537700630DD5 /* ホーム画面背景.png */; };
		B8D915711BFB538D00630DD5 /* nosound.mp3 in Resources */ = {isa = PBXBuildFile; fileRef = B8D915701BFB538D00630DD5 /* nosound.mp3 */; };
		B8D915731BFB539800630DD5 /* alarm-1.mp3 in Resources */ = {isa = PBXBuildFile; fileRef = B8D915721BFB539800630DD5 /* alarm-1.mp3 */; };
		B8D915751BFB53DF00630DD5 /* buttonAlarm.png in Resources */ = {isa = PBXBuildFile; fileRef = B8D915741BFB53DF00630DD5 /* buttonAlarm.png */; };
		B8D915771BFB53ED00630DD5 /* set.png in Resources */ = {isa = PBXBuildFile; fileRef = B8D915761BFB53ED00630DD5 /* set.png */; };
		B8D915791BFB540700630DD5 /* hotaruN.png in Resources */ = {isa = PBXBuildFile; fileRef = B8D915781BFB540700630DD5 /* hotaruN.png */; };
		B8D9157C1BFB542600630DD5 /* sample-utf8.txt in Resources */ = {isa = PBXBuildFile; fileRef = B8D9157B1BFB542600630DD5 /* sample-utf8.txt */; };
/* End PBXBuildFile section */

/* Begin PBXContainerItemProxy section */
		B8274CAF1BEBA716000FEADE /* PBXContainerItemProxy */ = {
			isa = PBXContainerItemProxy;
			containerPortal = B8274C921BEBA716000FEADE /* Project object */;
			proxyType = 1;
			remoteGlobalIDString = B8274C991BEBA716000FEADE;
			remoteInfo = PajamaAlarm;
		};
		B8274CBA1BEBA716000FEADE /* PBXContainerItemProxy */ = {
			isa = PBXContainerItemProxy;
			containerPortal = B8274C921BEBA716000FEADE /* Project object */;
			proxyType = 1;
			remoteGlobalIDString = B8274C991BEBA716000FEADE;
			remoteInfo = PajamaAlarm;
		};
/* End PBXContainerItemProxy section */

/* Begin PBXFileReference section */
		B80567FE1C181E36003F4E68 /* おはようボイス_可愛い_0_0.mp3 */ = {isa = PBXFileReference; lastKnownFileType = audio.mp3; path = "おはようボイス_可愛い_0_0.mp3"; sourceTree = "<group>"; };
		B80567FF1C181E36003F4E68 /* おはようボイス_可愛い_0_1.mp3 */ = {isa = PBXFileReference; lastKnownFileType = audio.mp3; path = "おはようボイス_可愛い_0_1.mp3"; sourceTree = "<group>"; };
		B80568021C18226A003F4E68 /* おはようボイス_可愛い_2_0.mp3 */ = {isa = PBXFileReference; lastKnownFileType = audio.mp3; path = "おはようボイス_可愛い_2_0.mp3"; sourceTree = "<group>"; };
		B80568031C18226A003F4E68 /* おはようボイス_可愛い_2_1.mp3 */ = {isa = PBXFileReference; lastKnownFileType = audio.mp3; path = "おはようボイス_可愛い_2_1.mp3"; sourceTree = "<group>"; };
		B80568061C184E52003F4E68 /* おはようボイス_ささやき_0.mp3 */ = {isa = PBXFileReference; lastKnownFileType = audio.mp3; path = "おはようボイス_ささやき_0.mp3"; sourceTree = "<group>"; };
		B80568101C1871C9003F4E68 /* メッセージウィンドウ.png */ = {isa = PBXFileReference; lastKnownFileType = image.png; path = "メッセージウィンドウ.png"; sourceTree = "<group>"; };
		B80568131C187A33003F4E68 /* FadeLabel.swift */ = {isa = PBXFileReference; fileEncoding = 4; lastKnownFileType = sourcecode.swift; path = FadeLabel.swift; sourceTree = "<group>"; };
		B80568161C187A8C003F4E68 /* SampleViewController.swift */ = {isa = PBXFileReference; fileEncoding = 4; lastKnownFileType = sourcecode.swift; path = SampleViewController.swift; sourceTree = "<group>"; };
		B80568191C187F56003F4E68 /* UIOutlineLabel.swift */ = {isa = PBXFileReference; fileEncoding = 4; lastKnownFileType = sourcecode.swift; path = UIOutlineLabel.swift; sourceTree = "<group>"; };
		B81D60C61C041B4000726CA8 /* AlarmTimeMonitorTest.swift */ = {isa = PBXFileReference; fileEncoding = 4; lastKnownFileType = sourcecode.swift; path = AlarmTimeMonitorTest.swift; sourceTree = "<group>"; };
		B81D60CB1C044A4200726CA8 /* おはようボイス.txt */ = {isa = PBXFileReference; fileEncoding = 4; lastKnownFileType = text; path = "おはようボイス.txt"; sourceTree = "<group>"; };
		B81D60D31C046AB000726CA8 /* MorningVoiceBuilderTest.swift */ = {isa = PBXFileReference; fileEncoding = 4; lastKnownFileType = sourcecode.swift; path = MorningVoiceBuilderTest.swift; sourceTree = "<group>"; };
		B81D60DE1C0499F500726CA8 /* alarm-2.mp3 */ = {isa = PBXFileReference; lastKnownFileType = audio.mp3; path = "alarm-2.mp3"; sourceTree = "<group>"; };
		B81D60DF1C0499F500726CA8 /* alarm-3.mp3 */ = {isa = PBXFileReference; lastKnownFileType = audio.mp3; path = "alarm-3.mp3"; sourceTree = "<group>"; };
		B8274C9A1BEBA716000FEADE /* PajamaAlarm.app */ = {isa = PBXFileReference; explicitFileType = wrapper.application; includeInIndex = 0; path = PajamaAlarm.app; sourceTree = BUILT_PRODUCTS_DIR; };
		B8274C9D1BEBA716000FEADE /* AppDelegate.swift */ = {isa = PBXFileReference; lastKnownFileType = sourcecode.swift; path = AppDelegate.swift; sourceTree = "<group>"; };
		B8274C9F1BEBA716000FEADE /* HomeViewController.swift */ = {isa = PBXFileReference; lastKnownFileType = sourcecode.swift; path = HomeViewController.swift; sourceTree = "<group>"; };
		B8274CA21BEBA716000FEADE /* Base */ = {isa = PBXFileReference; lastKnownFileType = file.storyboard; name = Base; path = Base.lproj/Main.storyboard; sourceTree = "<group>"; };
		B8274CA41BEBA716000FEADE /* Assets.xcassets */ = {isa = PBXFileReference; lastKnownFileType = folder.assetcatalog; path = Assets.xcassets; sourceTree = "<group>"; };
		B8274CA71BEBA716000FEADE /* Base */ = {isa = PBXFileReference; lastKnownFileType = file.storyboard; name = Base; path = Base.lproj/LaunchScreen.storyboard; sourceTree = "<group>"; };
		B8274CA91BEBA716000FEADE /* Info.plist */ = {isa = PBXFileReference; lastKnownFileType = text.plist.xml; path = Info.plist; sourceTree = "<group>"; };
		B8274CAE1BEBA716000FEADE /* PajamaAlarmTests.xctest */ = {isa = PBXFileReference; explicitFileType = wrapper.cfbundle; includeInIndex = 0; path = PajamaAlarmTests.xctest; sourceTree = BUILT_PRODUCTS_DIR; };
		B8274CB21BEBA716000FEADE /* PajamaAlarmTests.swift */ = {isa = PBXFileReference; lastKnownFileType = sourcecode.swift; path = PajamaAlarmTests.swift; sourceTree = "<group>"; };
		B8274CB41BEBA716000FEADE /* Info.plist */ = {isa = PBXFileReference; lastKnownFileType = text.plist.xml; path = Info.plist; sourceTree = "<group>"; };
		B8274CB91BEBA716000FEADE /* PajamaAlarmUITests.xctest */ = {isa = PBXFileReference; explicitFileType = wrapper.cfbundle; includeInIndex = 0; path = PajamaAlarmUITests.xctest; sourceTree = BUILT_PRODUCTS_DIR; };
		B8274CBD1BEBA716000FEADE /* PajamaAlarmUITests.swift */ = {isa = PBXFileReference; lastKnownFileType = sourcecode.swift; path = PajamaAlarmUITests.swift; sourceTree = "<group>"; };
		B8274CBF1BEBA716000FEADE /* Info.plist */ = {isa = PBXFileReference; lastKnownFileType = text.plist.xml; path = Info.plist; sourceTree = "<group>"; };
		B8274CCF1BEBA78D000FEADE /* SoundPlayer.swift */ = {isa = PBXFileReference; fileEncoding = 4; lastKnownFileType = sourcecode.swift; path = SoundPlayer.swift; sourceTree = "<group>"; };
		B8274CD51BEBA7C3000FEADE /* WeatherGetter.swift */ = {isa = PBXFileReference; fileEncoding = 4; lastKnownFileType = sourcecode.swift; path = WeatherGetter.swift; sourceTree = "<group>"; };
		B8274CD81BEBA7FE000FEADE /* SwiftyJSON.swift */ = {isa = PBXFileReference; fileEncoding = 4; lastKnownFileType = sourcecode.swift; path = SwiftyJSON.swift; sourceTree = "<group>"; };
		B8274CE21BEBAC6D000FEADE /* Functions.swift */ = {isa = PBXFileReference; fileEncoding = 4; lastKnownFileType = sourcecode.swift; path = Functions.swift; sourceTree = "<group>"; };
		B83D3D801C15CF5200A0E8B1 /* おはようボイス_可愛い_1.mp3 */ = {isa = PBXFileReference; lastKnownFileType = audio.mp3; path = "おはようボイス_可愛い_1.mp3"; sourceTree = "<group>"; };
		B85707731BF2034F000E6639 /* AutoLayoutHelper.swift */ = {isa = PBXFileReference; fileEncoding = 4; lastKnownFileType = sourcecode.swift; path = AutoLayoutHelper.swift; sourceTree = "<group>"; };
		B87321751C12D4C100454678 /* hotaruSLP.png */ = {isa = PBXFileReference; lastKnownFileType = image.png; path = hotaruSLP.png; sourceTree = "<group>"; };
		B87321841C12F5CF00454678 /* MorningVoiceBuilder.swift */ = {isa = PBXFileReference; fileEncoding = 4; lastKnownFileType = sourcecode.swift; name = MorningVoiceBuilder.swift; path = ../../MorningVoiceBuilder.swift; sourceTree = "<group>"; };
		B87321871C12F8C200454678 /* ShortTalkBuilder.swift */ = {isa = PBXFileReference; fileEncoding = 4; lastKnownFileType = sourcecode.swift; path = ShortTalkBuilder.swift; sourceTree = "<group>"; };
		B873EF951BFF489A00B8DDE7 /* WeatherFileManager.swift */ = {isa = PBXFileReference; fileEncoding = 4; lastKnownFileType = sourcecode.swift; path = WeatherFileManager.swift; sourceTree = "<group>"; };
		B873EF981BFF4C1800B8DDE7 /* WeatherFileManagerTest.swift */ = {isa = PBXFileReference; fileEncoding = 4; lastKnownFileType = sourcecode.swift; path = WeatherFileManagerTest.swift; sourceTree = "<group>"; };
		B87CB7E01BFC4D7D0059872C /* Constants.swift */ = {isa = PBXFileReference; fileEncoding = 4; lastKnownFileType = sourcecode.swift; path = Constants.swift; sourceTree = "<group>"; };
		B87DC8B31BF4D754005FBC8C /* AlarmTimeMonitor.swift */ = {isa = PBXFileReference; fileEncoding = 4; lastKnownFileType = sourcecode.swift; path = AlarmTimeMonitor.swift; sourceTree = "<group>"; };
		B87DC8C01BF4F542005FBC8C /* AlarmPlayer.swift */ = {isa = PBXFileReference; fileEncoding = 4; lastKnownFileType = sourcecode.swift; path = AlarmPlayer.swift; sourceTree = "<group>"; };
		B87E7A0D1C0329A500D492D2 /* VoiceFileManager.swift */ = {isa = PBXFileReference; fileEncoding = 4; lastKnownFileType = sourcecode.swift; path = VoiceFileManager.swift; sourceTree = "<group>"; };
		B87E7A101C03410300D492D2 /* VoiceFileManagerTest.swift */ = {isa = PBXFileReference; fileEncoding = 4; lastKnownFileType = sourcecode.swift; path = VoiceFileManagerTest.swift; sourceTree = "<group>"; };
		B87E7A121C03415900D492D2 /* 挨拶.txt */ = {isa = PBXFileReference; fileEncoding = 4; lastKnownFileType = text; path = "挨拶.txt"; sourceTree = "<group>"; };
		B87E7A151C03427600D492D2 /* ひとこと.txt */ = {isa = PBXFileReference; fileEncoding = 4; lastKnownFileType = text; path = "ひとこと.txt"; sourceTree = "<group>"; };
		B887A3261C036FE90065FF6D /* ShortTalkBuilderTest.swift */ = {isa = PBXFileReference; fileEncoding = 4; lastKnownFileType = sourcecode.swift; path = ShortTalkBuilderTest.swift; sourceTree = "<group>"; };
		B88C99591C02D08F000581CA /* greeting.txt */ = {isa = PBXFileReference; fileEncoding = 4; lastKnownFileType = text; path = greeting.txt; sourceTree = "<group>"; };
		B89F08241BF9A60F00BEC64C /* Regexp.swift */ = {isa = PBXFileReference; fileEncoding = 4; lastKnownFileType = sourcecode.swift; path = Regexp.swift; sourceTree = "<group>"; };
		B89F08321BF9FAC100BEC64C /* WeatherGetterTest.swift */ = {isa = PBXFileReference; fileEncoding = 4; lastKnownFileType = sourcecode.swift; path = WeatherGetterTest.swift; sourceTree = "<group>"; };
		B89F083A1BFA140700BEC64C /* LocationGetter.swift */ = {isa = PBXFileReference; fileEncoding = 4; lastKnownFileType = sourcecode.swift; path = LocationGetter.swift; sourceTree = "<group>"; };
		B89F083D1BFAA01B00BEC64C /* LocationGetterTest.swift */ = {isa = PBXFileReference; fileEncoding = 4; lastKnownFileType = sourcecode.swift; path = LocationGetterTest.swift; sourceTree = "<group>"; };
		B8A7A4581BF4AF55003A8723 /* SetAlarmViewController.swift */ = {isa = PBXFileReference; fileEncoding = 4; lastKnownFileType = sourcecode.swift; path = SetAlarmViewController.swift; sourceTree = "<group>"; };
		B8A7A4601BF4B3FF003A8723 /* AlarmTimePickersUIView.swift */ = {isa = PBXFileReference; fileEncoding = 4; lastKnownFileType = sourcecode.swift; path = AlarmTimePickersUIView.swift; sourceTree = "<group>"; };
		B8B126181C18A0E600375D95 /* HuiFont29.ttf */ = {isa = PBXFileReference; lastKnownFileType = file; path = HuiFont29.ttf; sourceTree = "<group>"; };
		B8B1261A1C18A57100375D95 /* GeosansLight.ttf */ = {isa = PBXFileReference; lastKnownFileType = file; path = GeosansLight.ttf; sourceTree = "<group>"; };
		B8B1261B1C18A57100375D95 /* NfMotoyaAporoStd-W1.otf */ = {isa = PBXFileReference; lastKnownFileType = file; path = "NfMotoyaAporoStd-W1.otf"; sourceTree = "<group>"; };
		B8B1261C1C18A57100375D95 /* azuki.ttf */ = {isa = PBXFileReference; lastKnownFileType = file; path = azuki.ttf; sourceTree = "<group>"; };
		B8B1261D1C18A57100375D95 /* MTLc3m.ttf */ = {isa = PBXFileReference; lastKnownFileType = file; path = MTLc3m.ttf; sourceTree = "<group>"; };
		B8B1261E1C18A57100375D95 /* MTLmr3m.ttf */ = {isa = PBXFileReference; lastKnownFileType = file; path = MTLmr3m.ttf; sourceTree = "<group>"; };
		B8B1261F1C18A57100375D95 /* APJapanesefont.ttf */ = {isa = PBXFileReference; lastKnownFileType = file; path = APJapanesefont.ttf; sourceTree = "<group>"; };
		B8B1262C1C18AD2700375D95 /* hotaruSML_2.png */ = {isa = PBXFileReference; lastKnownFileType = image.png; path = hotaruSML_2.png; sourceTree = "<group>"; };
		B8B1262D1C18AD2700375D95 /* hotaruSML_1.png */ = {isa = PBXFileReference; lastKnownFileType = image.png; path = hotaruSML_1.png; sourceTree = "<group>"; };
		B8B126321C18B7E600375D95 /* おはようボイス_あまめ_0_0.mp3 */ = {isa = PBXFileReference; lastKnownFileType = audio.mp3; path = "おはようボイス_あまめ_0_0.mp3"; sourceTree = "<group>"; };
		B8B126331C18B7E600375D95 /* おはようボイス_あまめ_0_1.mp3 */ = {isa = PBXFileReference; lastKnownFileType = audio.mp3; path = "おはようボイス_あまめ_0_1.mp3"; sourceTree = "<group>"; };
		B8B126341C18B7E600375D95 /* おはようボイス_あまめ_0_2.mp3 */ = {isa = PBXFileReference; lastKnownFileType = audio.mp3; path = "おはようボイス_あまめ_0_2.mp3"; sourceTree = "<group>"; };
		B8B126351C18B7E600375D95 /* おはようボイス_天気_0.mp3 */ = {isa = PBXFileReference; lastKnownFileType = audio.mp3; path = "おはようボイス_天気_0.mp3"; sourceTree = "<group>"; };
		B8B126361C18B7E600375D95 /* おはようボイス_天気_1.mp3 */ = {isa = PBXFileReference; lastKnownFileType = audio.mp3; path = "おはようボイス_天気_1.mp3"; sourceTree = "<group>"; };
		B8B126371C18B7E600375D95 /* おはようボイス_天気_2.mp3 */ = {isa = PBXFileReference; lastKnownFileType = audio.mp3; path = "おはようボイス_天気_2.mp3"; sourceTree = "<group>"; };
		B8B126381C18B7E600375D95 /* おはようボイス_天気_3.mp3 */ = {isa = PBXFileReference; lastKnownFileType = audio.mp3; path = "おはようボイス_天気_3.mp3"; sourceTree = "<group>"; };
		B8B126391C18B7E600375D95 /* おはようボイス_天気_4.mp3 */ = {isa = PBXFileReference; lastKnownFileType = audio.mp3; path = "おはようボイス_天気_4.mp3"; sourceTree = "<group>"; };
		B8B1264A1C19738100375D95 /* メッセージウィンドウ2.png */ = {isa = PBXFileReference; lastKnownFileType = image.png; path = "メッセージウィンドウ2.png"; sourceTree = "<group>"; };
		B8C11E141C05977F0064C8A1 /* XCGLogger.swift */ = {isa = PBXFileReference; fileEncoding = 4; lastKnownFileType = sourcecode.swift; path = XCGLogger.swift; sourceTree = "<group>"; };
		B8C11E161C05DF650064C8A1 /* koron.wav */ = {isa = PBXFileReference; lastKnownFileType = audio.wav; path = koron.wav; sourceTree = "<group>"; };
		B8C11E181C06D4B50064C8A1 /* SWXMLHash.swift */ = {isa = PBXFileReference; fileEncoding = 4; lastKnownFileType = sourcecode.swift; path = SWXMLHash.swift; sourceTree = "<group>"; };
		B8D915631BFB537700630DD5 /* buttonVoice.png */ = {isa = PBXFileReference; lastKnownFileType = image.png; path = buttonVoice.png; sourceTree = "<group>"; };
		B8D915651BFB537700630DD5 /* hotaruSML.png */ = {isa = PBXFileReference; lastKnownFileType = image.png; path = hotaruSML.png; sourceTree = "<group>"; };
		B8D915671BFB537700630DD5 /* アラームセット画面.png */ = {isa = PBXFileReference; lastKnownFileType = image.png; path = "アラームセット画面.png"; sourceTree = "<group>"; };
		B8D915681BFB537700630DD5 /* ホーム画面背景.png */ = {isa = PBXFileReference; lastKnownFileType = image.png; path = "ホーム画面背景.png"; sourceTree = "<group>"; };
		B8D915701BFB538D00630DD5 /* nosound.mp3 */ = {isa = PBXFileReference; lastKnownFileType = audio.mp3; path = nosound.mp3; sourceTree = "<group>"; };
		B8D915721BFB539800630DD5 /* alarm-1.mp3 */ = {isa = PBXFileReference; lastKnownFileType = audio.mp3; path = "alarm-1.mp3"; sourceTree = "<group>"; };
		B8D915741BFB53DF00630DD5 /* buttonAlarm.png */ = {isa = PBXFileReference; lastKnownFileType = image.png; path = buttonAlarm.png; sourceTree = "<group>"; };
		B8D915761BFB53ED00630DD5 /* set.png */ = {isa = PBXFileReference; lastKnownFileType = image.png; path = set.png; sourceTree = "<group>"; };
		B8D915781BFB540700630DD5 /* hotaruN.png */ = {isa = PBXFileReference; lastKnownFileType = image.png; path = hotaruN.png; sourceTree = "<group>"; };
		B8D9157B1BFB542600630DD5 /* sample-utf8.txt */ = {isa = PBXFileReference; fileEncoding = 4; lastKnownFileType = text; path = "sample-utf8.txt"; sourceTree = "<group>"; };
/* End PBXFileReference section */

/* Begin PBXFrameworksBuildPhase section */
		B8274C971BEBA716000FEADE /* Frameworks */ = {
			isa = PBXFrameworksBuildPhase;
			buildActionMask = 2147483647;
			files = (
			);
			runOnlyForDeploymentPostprocessing = 0;
		};
		B8274CAB1BEBA716000FEADE /* Frameworks */ = {
			isa = PBXFrameworksBuildPhase;
			buildActionMask = 2147483647;
			files = (
			);
			runOnlyForDeploymentPostprocessing = 0;
		};
		B8274CB61BEBA716000FEADE /* Frameworks */ = {
			isa = PBXFrameworksBuildPhase;
			buildActionMask = 2147483647;
			files = (
			);
			runOnlyForDeploymentPostprocessing = 0;
		};
/* End PBXFrameworksBuildPhase section */

/* Begin PBXGroup section */
		B8274C911BEBA716000FEADE = {
			isa = PBXGroup;
			children = (
				B8274C9C1BEBA716000FEADE /* PajamaAlarm */,
				B8274CB11BEBA716000FEADE /* PajamaAlarmTests */,
				B8274CBC1BEBA716000FEADE /* PajamaAlarmUITests */,
				B8274C9B1BEBA716000FEADE /* Products */,
			);
			sourceTree = "<group>";
		};
		B8274C9B1BEBA716000FEADE /* Products */ = {
			isa = PBXGroup;
			children = (
				B8274C9A1BEBA716000FEADE /* PajamaAlarm.app */,
				B8274CAE1BEBA716000FEADE /* PajamaAlarmTests.xctest */,
				B8274CB91BEBA716000FEADE /* PajamaAlarmUITests.xctest */,
			);
			name = Products;
			sourceTree = "<group>";
		};
		B8274C9C1BEBA716000FEADE /* PajamaAlarm */ = {
			isa = PBXGroup;
			children = (
				B85707721BF20317000E6639 /* View */,
				B8274CCB1BEBA733000FEADE /* Controller */,
				B8274CCC1BEBA73A000FEADE /* Model */,
				B8274CCD1BEBA740000FEADE /* Resources */,
				B8274C9D1BEBA716000FEADE /* AppDelegate.swift */,
				B8274CA41BEBA716000FEADE /* Assets.xcassets */,
				B8274CE21BEBAC6D000FEADE /* Functions.swift */,
				B87CB7E01BFC4D7D0059872C /* Constants.swift */,
				B8274CA61BEBA716000FEADE /* LaunchScreen.storyboard */,
				B8274CA11BEBA716000FEADE /* Main.storyboard */,
			);
			path = PajamaAlarm;
			sourceTree = "<group>";
		};
		B8274CB11BEBA716000FEADE /* PajamaAlarmTests */ = {
			isa = PBXGroup;
			children = (
				B8274CB41BEBA716000FEADE /* Info.plist */,
				B8274CB21BEBA716000FEADE /* PajamaAlarmTests.swift */,
				B887A3261C036FE90065FF6D /* ShortTalkBuilderTest.swift */,
				B81D60C61C041B4000726CA8 /* AlarmTimeMonitorTest.swift */,
				B89F08321BF9FAC100BEC64C /* WeatherGetterTest.swift */,
				B873EF981BFF4C1800B8DDE7 /* WeatherFileManagerTest.swift */,
				B81D60D31C046AB000726CA8 /* MorningVoiceBuilderTest.swift */,
				B87E7A101C03410300D492D2 /* VoiceFileManagerTest.swift */,
				B89F083D1BFAA01B00BEC64C /* LocationGetterTest.swift */,
			);
			path = PajamaAlarmTests;
			sourceTree = "<group>";
		};
		B8274CBC1BEBA716000FEADE /* PajamaAlarmUITests */ = {
			isa = PBXGroup;
			children = (
				B8274CBF1BEBA716000FEADE /* Info.plist */,
				B8274CBD1BEBA716000FEADE /* PajamaAlarmUITests.swift */,
			);
			path = PajamaAlarmUITests;
			sourceTree = "<group>";
		};
		B8274CCB1BEBA733000FEADE /* Controller */ = {
			isa = PBXGroup;
			children = (
				B8274C9F1BEBA716000FEADE /* HomeViewController.swift */,
				B8A7A4581BF4AF55003A8723 /* SetAlarmViewController.swift */,
				B80568161C187A8C003F4E68 /* SampleViewController.swift */,
			);
			path = Controller;
			sourceTree = "<group>";
		};
		B8274CCC1BEBA73A000FEADE /* Model */ = {
			isa = PBXGroup;
			children = (
				B873218A1C12FFAA00454678 /* trash */,
				B87DC8BF1BF4F4FE005FBC8C /* Vendor */,
				B87DC8B31BF4D754005FBC8C /* AlarmTimeMonitor.swift */,
				B87DC8C01BF4F542005FBC8C /* AlarmPlayer.swift */,
				B87E7A0D1C0329A500D492D2 /* VoiceFileManager.swift */,
				B87321841C12F5CF00454678 /* MorningVoiceBuilder.swift */,
				B87321871C12F8C200454678 /* ShortTalkBuilder.swift */,
				B89F083A1BFA140700BEC64C /* LocationGetter.swift */,
				B8274CD51BEBA7C3000FEADE /* WeatherGetter.swift */,
				B873EF951BFF489A00B8DDE7 /* WeatherFileManager.swift */,
				B8274CCF1BEBA78D000FEADE /* SoundPlayer.swift */,
				B85707731BF2034F000E6639 /* AutoLayoutHelper.swift */,
			);
			path = Model;
			sourceTree = "<group>";
		};
		B8274CCD1BEBA740000FEADE /* Resources */ = {
			isa = PBXGroup;
			children = (
				B8B126171C18A0D000375D95 /* etc */,
				B8D9157A1BFB542600630DD5 /* text */,
				B8D9156F1BFB538D00630DD5 /* se */,
				B8D915621BFB537700630DD5 /* img */,
				B87DC8BA1BF4F4CD005FBC8C /* voice */,
				B8274CA91BEBA716000FEADE /* Info.plist */,
			);
			path = Resources;
			sourceTree = "<group>";
		};
		B85707721BF20317000E6639 /* View */ = {
			isa = PBXGroup;
			children = (
				B8A7A4601BF4B3FF003A8723 /* AlarmTimePickersUIView.swift */,
			);
			path = View;
			sourceTree = "<group>";
		};
		B873218A1C12FFAA00454678 /* trash */ = {
			isa = PBXGroup;
			children = (
			);
			name = trash;
			sourceTree = "<group>";
		};
		B87DC8BA1BF4F4CD005FBC8C /* voice */ = {
			isa = PBXGroup;
			children = (
				B8B126321C18B7E600375D95 /* おはようボイス_あまめ_0_0.mp3 */,
				B8B126331C18B7E600375D95 /* おはようボイス_あまめ_0_1.mp3 */,
				B8B126341C18B7E600375D95 /* おはようボイス_あまめ_0_2.mp3 */,
				B8B126351C18B7E600375D95 /* おはようボイス_天気_0.mp3 */,
				B8B126361C18B7E600375D95 /* おはようボイス_天気_1.mp3 */,
				B8B126371C18B7E600375D95 /* おはようボイス_天気_2.mp3 */,
				B8B126381C18B7E600375D95 /* おはようボイス_天気_3.mp3 */,
				B8B126391C18B7E600375D95 /* おはようボイス_天気_4.mp3 */,
				B80568061C184E52003F4E68 /* おはようボイス_ささやき_0.mp3 */,
				B80568021C18226A003F4E68 /* おはようボイス_可愛い_2_0.mp3 */,
				B80568031C18226A003F4E68 /* おはようボイス_可愛い_2_1.mp3 */,
				B80567FE1C181E36003F4E68 /* おはようボイス_可愛い_0_0.mp3 */,
				B80567FF1C181E36003F4E68 /* おはようボイス_可愛い_0_1.mp3 */,
				B83D3D801C15CF5200A0E8B1 /* おはようボイス_可愛い_1.mp3 */,
			);
			path = voice;
			sourceTree = "<group>";
		};
		B87DC8BF1BF4F4FE005FBC8C /* Vendor */ = {
			isa = PBXGroup;
			children = (
				B80568191C187F56003F4E68 /* UIOutlineLabel.swift */,
				B80568131C187A33003F4E68 /* FadeLabel.swift */,
				B8C11E181C06D4B50064C8A1 /* SWXMLHash.swift */,
				B8C11E141C05977F0064C8A1 /* XCGLogger.swift */,
				B89F08241BF9A60F00BEC64C /* Regexp.swift */,
				B8274CD81BEBA7FE000FEADE /* SwiftyJSON.swift */,
			);
			path = Vendor;
			sourceTree = "<group>";
		};
		B8B126171C18A0D000375D95 /* etc */ = {
			isa = PBXGroup;
			children = (
				B8B126181C18A0E600375D95 /* HuiFont29.ttf */,
				B8B1261A1C18A57100375D95 /* GeosansLight.ttf */,
				B8B1261B1C18A57100375D95 /* NfMotoyaAporoStd-W1.otf */,
				B8B1261C1C18A57100375D95 /* azuki.ttf */,
				B8B1261D1C18A57100375D95 /* MTLc3m.ttf */,
				B8B1261E1C18A57100375D95 /* MTLmr3m.ttf */,
				B8B1261F1C18A57100375D95 /* APJapanesefont.ttf */,
			);
			name = etc;
			sourceTree = "<group>";
		};
		B8D915621BFB537700630DD5 /* img */ = {
			isa = PBXGroup;
			children = (
				B8D915631BFB537700630DD5 /* buttonVoice.png */,
				B8D915741BFB53DF00630DD5 /* buttonAlarm.png */,
				B87321751C12D4C100454678 /* hotaruSLP.png */,
				B8D915651BFB537700630DD5 /* hotaruSML.png */,
				B8B1262D1C18AD2700375D95 /* hotaruSML_1.png */,
				B8B1262C1C18AD2700375D95 /* hotaruSML_2.png */,
				B8D915781BFB540700630DD5 /* hotaruN.png */,
				B8D915761BFB53ED00630DD5 /* set.png */,
				B80568101C1871C9003F4E68 /* メッセージウィンドウ.png */,
				B8B1264A1C19738100375D95 /* メッセージウィンドウ2.png */,
				B8D915671BFB537700630DD5 /* アラームセット画面.png */,
				B8D915681BFB537700630DD5 /* ホーム画面背景.png */,
			);
			path = img;
			sourceTree = "<group>";
		};
		B8D9156F1BFB538D00630DD5 /* se */ = {
			isa = PBXGroup;
			children = (
				B8D915721BFB539800630DD5 /* alarm-1.mp3 */,
				B8C11E161C05DF650064C8A1 /* koron.wav */,
				B81D60DE1C0499F500726CA8 /* alarm-2.mp3 */,
				B81D60DF1C0499F500726CA8 /* alarm-3.mp3 */,
				B8D915701BFB538D00630DD5 /* nosound.mp3 */,
			);
			path = se;
			sourceTree = "<group>";
		};
		B8D9157A1BFB542600630DD5 /* text */ = {
			isa = PBXGroup;
			children = (
				B8D9157B1BFB542600630DD5 /* sample-utf8.txt */,
				B88C99591C02D08F000581CA /* greeting.txt */,
				B81D60CB1C044A4200726CA8 /* おはようボイス.txt */,
				B87E7A151C03427600D492D2 /* ひとこと.txt */,
				B87E7A121C03415900D492D2 /* 挨拶.txt */,
			);
			path = text;
			sourceTree = "<group>";
		};
/* End PBXGroup section */

/* Begin PBXNativeTarget section */
		B8274C991BEBA716000FEADE /* PajamaAlarm */ = {
			isa = PBXNativeTarget;
			buildConfigurationList = B8274CC21BEBA716000FEADE /* Build configuration list for PBXNativeTarget "PajamaAlarm" */;
			buildPhases = (
				B8274C961BEBA716000FEADE /* Sources */,
				B8274C971BEBA716000FEADE /* Frameworks */,
				B8274C981BEBA716000FEADE /* Resources */,
			);
			buildRules = (
			);
			dependencies = (
			);
			name = PajamaAlarm;
			productName = PajamaAlarm;
			productReference = B8274C9A1BEBA716000FEADE /* PajamaAlarm.app */;
			productType = "com.apple.product-type.application";
		};
		B8274CAD1BEBA716000FEADE /* PajamaAlarmTests */ = {
			isa = PBXNativeTarget;
			buildConfigurationList = B8274CC51BEBA716000FEADE /* Build configuration list for PBXNativeTarget "PajamaAlarmTests" */;
			buildPhases = (
				B8274CAA1BEBA716000FEADE /* Sources */,
				B8274CAB1BEBA716000FEADE /* Frameworks */,
				B8274CAC1BEBA716000FEADE /* Resources */,
			);
			buildRules = (
			);
			dependencies = (
				B8274CB01BEBA716000FEADE /* PBXTargetDependency */,
			);
			name = PajamaAlarmTests;
			productName = PajamaAlarmTests;
			productReference = B8274CAE1BEBA716000FEADE /* PajamaAlarmTests.xctest */;
			productType = "com.apple.product-type.bundle.unit-test";
		};
		B8274CB81BEBA716000FEADE /* PajamaAlarmUITests */ = {
			isa = PBXNativeTarget;
			buildConfigurationList = B8274CC81BEBA716000FEADE /* Build configuration list for PBXNativeTarget "PajamaAlarmUITests" */;
			buildPhases = (
				B8274CB51BEBA716000FEADE /* Sources */,
				B8274CB61BEBA716000FEADE /* Frameworks */,
				B8274CB71BEBA716000FEADE /* Resources */,
			);
			buildRules = (
			);
			dependencies = (
				B8274CBB1BEBA716000FEADE /* PBXTargetDependency */,
			);
			name = PajamaAlarmUITests;
			productName = PajamaAlarmUITests;
			productReference = B8274CB91BEBA716000FEADE /* PajamaAlarmUITests.xctest */;
			productType = "com.apple.product-type.bundle.ui-testing";
		};
/* End PBXNativeTarget section */

/* Begin PBXProject section */
		B8274C921BEBA716000FEADE /* Project object */ = {
			isa = PBXProject;
			attributes = {
				LastSwiftUpdateCheck = 0710;
				LastUpgradeCheck = 0710;
				ORGANIZATIONNAME = Tsubaki;
				TargetAttributes = {
					B8274C991BEBA716000FEADE = {
						CreatedOnToolsVersion = 7.1;
						DevelopmentTeam = AXM98ZS3RD;
						SystemCapabilities = {
							com.apple.BackgroundModes = {
								enabled = 1;
							};
						};
					};
					B8274CAD1BEBA716000FEADE = {
						CreatedOnToolsVersion = 7.1;
						DevelopmentTeam = AXM98ZS3RD;
						TestTargetID = B8274C991BEBA716000FEADE;
					};
					B8274CB81BEBA716000FEADE = {
						CreatedOnToolsVersion = 7.1;
						DevelopmentTeam = AXM98ZS3RD;
						TestTargetID = B8274C991BEBA716000FEADE;
					};
				};
			};
			buildConfigurationList = B8274C951BEBA716000FEADE /* Build configuration list for PBXProject "PajamaAlarm" */;
			compatibilityVersion = "Xcode 3.2";
			developmentRegion = English;
			hasScannedForEncodings = 0;
			knownRegions = (
				en,
				Base,
			);
			mainGroup = B8274C911BEBA716000FEADE;
			productRefGroup = B8274C9B1BEBA716000FEADE /* Products */;
			projectDirPath = "";
			projectRoot = "";
			targets = (
				B8274C991BEBA716000FEADE /* PajamaAlarm */,
				B8274CAD1BEBA716000FEADE /* PajamaAlarmTests */,
				B8274CB81BEBA716000FEADE /* PajamaAlarmUITests */,
			);
		};
/* End PBXProject section */

/* Begin PBXResourcesBuildPhase section */
		B8274C981BEBA716000FEADE /* Resources */ = {
			isa = PBXResourcesBuildPhase;
			buildActionMask = 2147483647;
			files = (
				B80568041C18226A003F4E68 /* おはようボイス_可愛い_2_0.mp3 in Resources */,
				B8D915791BFB540700630DD5 /* hotaruN.png in Resources */,
				B81D60E21C0499F500726CA8 /* alarm-3.mp3 in Resources */,
				B8B126261C18A57100375D95 /* MTLc3m.ttf in Resources */,
				B8B126441C18B7E600375D95 /* おはようボイス_天気_2.mp3 in Resources */,
				B8D915771BFB53ED00630DD5 /* set.png in Resources */,
				B8C11E171C05DF650064C8A1 /* koron.wav in Resources */,
				B80568051C18226A003F4E68 /* おはようボイス_可愛い_2_1.mp3 in Resources */,
				B83D3D831C15CF5200A0E8B1 /* おはようボイス_可愛い_1.mp3 in Resources */,
				B8B1263A1C18B7E600375D95 /* おはようボイス_あまめ_0_0.mp3 in Resources */,
				B8274CA81BEBA716000FEADE /* LaunchScreen.storyboard in Resources */,
				B8B1263E1C18B7E600375D95 /* おはようボイス_あまめ_0_2.mp3 in Resources */,
				B8B126191C18A0E600375D95 /* HuiFont29.ttf in Resources */,
				B8D915691BFB537700630DD5 /* buttonVoice.png in Resources */,
				B8B1262E1C18AD2700375D95 /* hotaruSML_2.png in Resources */,
				B8D9156B1BFB537700630DD5 /* hotaruSML.png in Resources */,
				B8B126301C18AD2700375D95 /* hotaruSML_1.png in Resources */,
				B88C995A1C02D08F000581CA /* greeting.txt in Resources */,
				B8B126241C18A57100375D95 /* azuki.ttf in Resources */,
				B8B1263C1C18B7E600375D95 /* おはようボイス_あまめ_0_1.mp3 in Resources */,
				B8B1262A1C18A57100375D95 /* APJapanesefont.ttf in Resources */,
				B8D915731BFB539800630DD5 /* alarm-1.mp3 in Resources */,
				B8B1264B1C19738100375D95 /* メッセージウィンドウ2.png in Resources */,
				B80568071C184E52003F4E68 /* おはようボイス_ささやき_0.mp3 in Resources */,
				B81D60E01C0499F500726CA8 /* alarm-2.mp3 in Resources */,
				B87E7A161C03427600D492D2 /* ひとこと.txt in Resources */,
				B87E7A131C03415900D492D2 /* 挨拶.txt in Resources */,
				B80568111C1871C9003F4E68 /* メッセージウィンドウ.png in Resources */,
				B8B126421C18B7E600375D95 /* おはようボイス_天気_1.mp3 in Resources */,
				B80568011C181E36003F4E68 /* おはようボイス_可愛い_0_1.mp3 in Resources */,
				B8274CA51BEBA716000FEADE /* Assets.xcassets in Resources */,
				B8D915751BFB53DF00630DD5 /* buttonAlarm.png in Resources */,
				B80568001C181E36003F4E68 /* おはようボイス_可愛い_0_0.mp3 in Resources */,
				B8B126461C18B7E600375D95 /* おはようボイス_天気_3.mp3 in Resources */,
				B81D60CC1C044A4200726CA8 /* おはようボイス.txt in Resources */,
				B8D9156E1BFB537700630DD5 /* ホーム画面背景.png in Resources */,
				B8B126201C18A57100375D95 /* GeosansLight.ttf in Resources */,
				B8B126401C18B7E600375D95 /* おはようボイス_天気_0.mp3 in Resources */,
				B8D9156D1BFB537700630DD5 /* アラームセット画面.png in Resources */,
				B8B126221C18A57100375D95 /* NfMotoyaAporoStd-W1.otf in Resources */,
				B8D915711BFB538D00630DD5 /* nosound.mp3 in Resources */,
				B87321761C12D4C100454678 /* hotaruSLP.png in Resources */,
				B8B126481C18B7E600375D95 /* おはようボイス_天気_4.mp3 in Resources */,
				B8274CA31BEBA716000FEADE /* Main.storyboard in Resources */,
				B8D9157C1BFB542600630DD5 /* sample-utf8.txt in Resources */,
				B8B126281C18A57100375D95 /* MTLmr3m.ttf in Resources */,
			);
			runOnlyForDeploymentPostprocessing = 0;
		};
		B8274CAC1BEBA716000FEADE /* Resources */ = {
			isa = PBXResourcesBuildPhase;
			buildActionMask = 2147483647;
			files = (
				B8B126211C18A57100375D95 /* GeosansLight.ttf in Resources */,
				B8B1262B1C18A57100375D95 /* APJapanesefont.ttf in Resources */,
				B87E7A141C03415900D492D2 /* 挨拶.txt in Resources */,
				B83D3D841C15CF5200A0E8B1 /* おはようボイス_可愛い_1.mp3 in Resources */,
				B87E7A171C03427600D492D2 /* ひとこと.txt in Resources */,
				B8B126431C18B7E600375D95 /* おはようボイス_天気_1.mp3 in Resources */,
				B8B1264C1C19738100375D95 /* メッセージウィンドウ2.png in Resources */,
				B81D60E11C0499F500726CA8 /* alarm-2.mp3 in Resources */,
				B81D60CD1C044A4200726CA8 /* おはようボイス.txt in Resources */,
				B8B126291C18A57100375D95 /* MTLmr3m.ttf in Resources */,
				B8B126471C18B7E600375D95 /* おはようボイス_天気_3.mp3 in Resources */,
				B8B1263F1C18B7E600375D95 /* おはようボイス_あまめ_0_2.mp3 in Resources */,
				B8B126411C18B7E600375D95 /* おはようボイス_天気_0.mp3 in Resources */,
				B87321771C12D4C100454678 /* hotaruSLP.png in Resources */,
				B8B126251C18A57100375D95 /* azuki.ttf in Resources */,
				B81D60E31C0499F500726CA8 /* alarm-3.mp3 in Resources */,
				B8B1262F1C18AD2700375D95 /* hotaruSML_2.png in Resources */,
				B8B126231C18A57100375D95 /* NfMotoyaAporoStd-W1.otf in Resources */,
				B8B126491C18B7E600375D95 /* おはようボイス_天気_4.mp3 in Resources */,
				B8B126311C18AD2700375D95 /* hotaruSML_1.png in Resources */,
				B8B1263B1C18B7E600375D95 /* おはようボイス_あまめ_0_0.mp3 in Resources */,
				B8B126271C18A57100375D95 /* MTLc3m.ttf in Resources */,
				B8B126451C18B7E600375D95 /* おはようボイス_天気_2.mp3 in Resources */,
				B88C995B1C02D08F000581CA /* greeting.txt in Resources */,
				B8B1263D1C18B7E600375D95 /* おはようボイス_あまめ_0_1.mp3 in Resources */,
			);
			runOnlyForDeploymentPostprocessing = 0;
		};
		B8274CB71BEBA716000FEADE /* Resources */ = {
			isa = PBXResourcesBuildPhase;
			buildActionMask = 2147483647;
			files = (
			);
			runOnlyForDeploymentPostprocessing = 0;
		};
/* End PBXResourcesBuildPhase section */

/* Begin PBXSourcesBuildPhase section */
		B8274C961BEBA716000FEADE /* Sources */ = {
			isa = PBXSourcesBuildPhase;
			buildActionMask = 2147483647;
			files = (
				B805681A1C187F56003F4E68 /* UIOutlineLabel.swift in Sources */,
				B80568171C187A8C003F4E68 /* SampleViewController.swift in Sources */,
				B85707741BF2034F000E6639 /* AutoLayoutHelper.swift in Sources */,
				B80568141C187A33003F4E68 /* FadeLabel.swift in Sources */,
				B87DC8C11BF4F542005FBC8C /* AlarmPlayer.swift in Sources */,
				B89F083B1BFA140800BEC64C /* LocationGetter.swift in Sources */,
				B8274CA01BEBA716000FEADE /* HomeViewController.swift in Sources */,
				B8274CD61BEBA7C3000FEADE /* WeatherGetter.swift in Sources */,
				B89F08251BF9A60F00BEC64C /* Regexp.swift in Sources */,
				B87CB7E11BFC4D7D0059872C /* Constants.swift in Sources */,
				B8274CD01BEBA78D000FEADE /* SoundPlayer.swift in Sources */,
				B8274CD91BEBA7FE000FEADE /* SwiftyJSON.swift in Sources */,
				B87321851C12F5CF00454678 /* MorningVoiceBuilder.swift in Sources */,
				B87DC8B41BF4D754005FBC8C /* AlarmTimeMonitor.swift in Sources */,
				B8A7A4591BF4AF55003A8723 /* SetAlarmViewController.swift in Sources */,
				B8C11E191C06D4B50064C8A1 /* SWXMLHash.swift in Sources */,
				B87321881C12F8C300454678 /* ShortTalkBuilder.swift in Sources */,
				B8274C9E1BEBA716000FEADE /* AppDelegate.swift in Sources */,
				B87E7A0E1C0329A500D492D2 /* VoiceFileManager.swift in Sources */,
				B8A7A4611BF4B3FF003A8723 /* AlarmTimePickersUIView.swift in Sources */,
				B8274CE31BEBAC6D000FEADE /* Functions.swift in Sources */,
				B873EF961BFF489A00B8DDE7 /* WeatherFileManager.swift in Sources */,
				B8C11E151C05977F0064C8A1 /* XCGLogger.swift in Sources */,
			);
			runOnlyForDeploymentPostprocessing = 0;
		};
		B8274CAA1BEBA716000FEADE /* Sources */ = {
			isa = PBXSourcesBuildPhase;
			buildActionMask = 2147483647;
			files = (
				B8A7A45F1BF4B3DD003A8723 /* AutoLayoutHelper.swift in Sources */,
				B8C11E1A1C06D4B50064C8A1 /* SWXMLHash.swift in Sources */,
				B8274CE41BEBAC6D000FEADE /* Functions.swift in Sources */,
				B87321861C12F5CF00454678 /* MorningVoiceBuilder.swift in Sources */,
				B87321891C12F8C300454678 /* ShortTalkBuilder.swift in Sources */,
				B89F083C1BFA140800BEC64C /* LocationGetter.swift in Sources */,
				B8274CD11BEBA78D000FEADE /* SoundPlayer.swift in Sources */,
				B873EF971BFF489F00B8DDE7 /* WeatherFileManager.swift in Sources */,
				B8274CD71BEBA7C3000FEADE /* WeatherGetter.swift in Sources */,
				B89F08261BF9A60F00BEC64C /* Regexp.swift in Sources */,
				B89F083E1BFAA01B00BEC64C /* LocationGetterTest.swift in Sources */,
				B81D60D41C046AB000726CA8 /* MorningVoiceBuilderTest.swift in Sources */,
				B80568151C187A33003F4E68 /* FadeLabel.swift in Sources */,
				B87CB7E21BFC4D7D0059872C /* Constants.swift in Sources */,
				B87E7A0F1C0329A500D492D2 /* VoiceFileManager.swift in Sources */,
				B89F08331BF9FAC100BEC64C /* WeatherGetterTest.swift in Sources */,
				B87DC8B51BF4D754005FBC8C /* AlarmTimeMonitor.swift in Sources */,
				B81D60C71C041B4000726CA8 /* AlarmTimeMonitorTest.swift in Sources */,
				B873EF991BFF4C1800B8DDE7 /* WeatherFileManagerTest.swift in Sources */,
				B87E7A111C03410300D492D2 /* VoiceFileManagerTest.swift in Sources */,
				B80568181C187A8C003F4E68 /* SampleViewController.swift in Sources */,
				B8A7A45A1BF4AF55003A8723 /* SetAlarmViewController.swift in Sources */,
				B8A7A4621BF4B3FF003A8723 /* AlarmTimePickersUIView.swift in Sources */,
				B8274CB31BEBA716000FEADE /* PajamaAlarmTests.swift in Sources */,
				B805681B1C187F56003F4E68 /* UIOutlineLabel.swift in Sources */,
				B8274CDA1BEBA7FE000FEADE /* SwiftyJSON.swift in Sources */,
				B887A3271C036FE90065FF6D /* ShortTalkBuilderTest.swift in Sources */,
			);
			runOnlyForDeploymentPostprocessing = 0;
		};
		B8274CB51BEBA716000FEADE /* Sources */ = {
			isa = PBXSourcesBuildPhase;
			buildActionMask = 2147483647;
			files = (
				B8274CBE1BEBA716000FEADE /* PajamaAlarmUITests.swift in Sources */,
			);
			runOnlyForDeploymentPostprocessing = 0;
		};
/* End PBXSourcesBuildPhase section */

/* Begin PBXTargetDependency section */
		B8274CB01BEBA716000FEADE /* PBXTargetDependency */ = {
			isa = PBXTargetDependency;
			target = B8274C991BEBA716000FEADE /* PajamaAlarm */;
			targetProxy = B8274CAF1BEBA716000FEADE /* PBXContainerItemProxy */;
		};
		B8274CBB1BEBA716000FEADE /* PBXTargetDependency */ = {
			isa = PBXTargetDependency;
			target = B8274C991BEBA716000FEADE /* PajamaAlarm */;
			targetProxy = B8274CBA1BEBA716000FEADE /* PBXContainerItemProxy */;
		};
/* End PBXTargetDependency section */

/* Begin PBXVariantGroup section */
		B8274CA11BEBA716000FEADE /* Main.storyboard */ = {
			isa = PBXVariantGroup;
			children = (
				B8274CA21BEBA716000FEADE /* Base */,
			);
			name = Main.storyboard;
			path = .;
			sourceTree = "<group>";
		};
		B8274CA61BEBA716000FEADE /* LaunchScreen.storyboard */ = {
			isa = PBXVariantGroup;
			children = (
				B8274CA71BEBA716000FEADE /* Base */,
			);
			name = LaunchScreen.storyboard;
			path = .;
			sourceTree = "<group>";
		};
/* End PBXVariantGroup section */

/* Begin XCBuildConfiguration section */
		B8274CC01BEBA716000FEADE /* Debug */ = {
			isa = XCBuildConfiguration;
			buildSettings = {
				ALWAYS_SEARCH_USER_PATHS = NO;
				CLANG_CXX_LANGUAGE_STANDARD = "gnu++0x";
				CLANG_CXX_LIBRARY = "libc++";
				CLANG_ENABLE_MODULES = YES;
				CLANG_ENABLE_OBJC_ARC = YES;
				CLANG_WARN_BOOL_CONVERSION = YES;
				CLANG_WARN_CONSTANT_CONVERSION = YES;
				CLANG_WARN_DIRECT_OBJC_ISA_USAGE = YES_ERROR;
				CLANG_WARN_EMPTY_BODY = YES;
				CLANG_WARN_ENUM_CONVERSION = YES;
				CLANG_WARN_INT_CONVERSION = YES;
				CLANG_WARN_OBJC_ROOT_CLASS = YES_ERROR;
				CLANG_WARN_UNREACHABLE_CODE = YES;
				CLANG_WARN__DUPLICATE_METHOD_MATCH = YES;
				"CODE_SIGN_IDENTITY[sdk=iphoneos*]" = "iPhone Developer";
				COPY_PHASE_STRIP = NO;
				DEBUG_INFORMATION_FORMAT = dwarf;
				ENABLE_STRICT_OBJC_MSGSEND = YES;
				ENABLE_TESTABILITY = YES;
				GCC_C_LANGUAGE_STANDARD = gnu99;
				GCC_DYNAMIC_NO_PIC = NO;
				GCC_NO_COMMON_BLOCKS = YES;
				GCC_OPTIMIZATION_LEVEL = 0;
				GCC_PREPROCESSOR_DEFINITIONS = (
					"DEBUG=1",
					"$(inherited)",
				);
				GCC_WARN_64_TO_32_BIT_CONVERSION = YES;
				GCC_WARN_ABOUT_RETURN_TYPE = YES_ERROR;
				GCC_WARN_UNDECLARED_SELECTOR = YES;
				GCC_WARN_UNINITIALIZED_AUTOS = YES_AGGRESSIVE;
				GCC_WARN_UNUSED_FUNCTION = YES;
				GCC_WARN_UNUSED_VARIABLE = YES;
				IPHONEOS_DEPLOYMENT_TARGET = 9.1;
				MTL_ENABLE_DEBUG_INFO = YES;
				ONLY_ACTIVE_ARCH = YES;
				SDKROOT = iphoneos;
				SWIFT_OPTIMIZATION_LEVEL = "-Onone";
			};
			name = Debug;
		};
		B8274CC11BEBA716000FEADE /* Release */ = {
			isa = XCBuildConfiguration;
			buildSettings = {
				ALWAYS_SEARCH_USER_PATHS = NO;
				CLANG_CXX_LANGUAGE_STANDARD = "gnu++0x";
				CLANG_CXX_LIBRARY = "libc++";
				CLANG_ENABLE_MODULES = YES;
				CLANG_ENABLE_OBJC_ARC = YES;
				CLANG_WARN_BOOL_CONVERSION = YES;
				CLANG_WARN_CONSTANT_CONVERSION = YES;
				CLANG_WARN_DIRECT_OBJC_ISA_USAGE = YES_ERROR;
				CLANG_WARN_EMPTY_BODY = YES;
				CLANG_WARN_ENUM_CONVERSION = YES;
				CLANG_WARN_INT_CONVERSION = YES;
				CLANG_WARN_OBJC_ROOT_CLASS = YES_ERROR;
				CLANG_WARN_UNREACHABLE_CODE = YES;
				CLANG_WARN__DUPLICATE_METHOD_MATCH = YES;
				"CODE_SIGN_IDENTITY[sdk=iphoneos*]" = "iPhone Developer";
				COPY_PHASE_STRIP = NO;
				DEBUG_INFORMATION_FORMAT = "dwarf-with-dsym";
				ENABLE_NS_ASSERTIONS = NO;
				ENABLE_STRICT_OBJC_MSGSEND = YES;
				GCC_C_LANGUAGE_STANDARD = gnu99;
				GCC_NO_COMMON_BLOCKS = YES;
				GCC_WARN_64_TO_32_BIT_CONVERSION = YES;
				GCC_WARN_ABOUT_RETURN_TYPE = YES_ERROR;
				GCC_WARN_UNDECLARED_SELECTOR = YES;
				GCC_WARN_UNINITIALIZED_AUTOS = YES_AGGRESSIVE;
				GCC_WARN_UNUSED_FUNCTION = YES;
				GCC_WARN_UNUSED_VARIABLE = YES;
				IPHONEOS_DEPLOYMENT_TARGET = 9.1;
				MTL_ENABLE_DEBUG_INFO = NO;
				SDKROOT = iphoneos;
				VALIDATE_PRODUCT = YES;
			};
			name = Release;
		};
		B8274CC31BEBA716000FEADE /* Debug */ = {
			isa = XCBuildConfiguration;
			buildSettings = {
				ASSETCATALOG_COMPILER_APPICON_NAME = AppIcon;
				ASSETCATALOG_COMPILER_LAUNCHIMAGE_NAME = "Brand Assets";
				CLANG_ENABLE_MODULES = YES;
				INFOPLIST_FILE = PajamaAlarm/Resources/Info.plist;
				IPHONEOS_DEPLOYMENT_TARGET = 8.0;
				LD_RUNPATH_SEARCH_PATHS = "$(inherited) @executable_path/Frameworks";
				OTHER_SWIFT_FLAGS = "-D DEBUG";
				PRODUCT_BUNDLE_IDENTIFIER = Ts.PajamaAlarm;
				PRODUCT_NAME = "$(TARGET_NAME)";
				SWIFT_OBJC_BRIDGING_HEADER = "";
				SWIFT_OPTIMIZATION_LEVEL = "-Onone";
			};
			name = Debug;
		};
		B8274CC41BEBA716000FEADE /* Release */ = {
			isa = XCBuildConfiguration;
			buildSettings = {
				ASSETCATALOG_COMPILER_APPICON_NAME = AppIcon;
				ASSETCATALOG_COMPILER_LAUNCHIMAGE_NAME = "Brand Assets";
				CLANG_ENABLE_MODULES = YES;
				INFOPLIST_FILE = PajamaAlarm/Resources/Info.plist;
				IPHONEOS_DEPLOYMENT_TARGET = 8.0;
				LD_RUNPATH_SEARCH_PATHS = "$(inherited) @executable_path/Frameworks";
				OTHER_SWIFT_FLAGS = "";
				PRODUCT_BUNDLE_IDENTIFIER = Ts.PajamaAlarm;
				PRODUCT_NAME = "$(TARGET_NAME)";
				SWIFT_OBJC_BRIDGING_HEADER = "";
			};
			name = Release;
		};
		B8274CC61BEBA716000FEADE /* Debug */ = {
			isa = XCBuildConfiguration;
			buildSettings = {
				BUNDLE_LOADER = "$(TEST_HOST)";
				CLANG_ENABLE_MODULES = YES;
				INFOPLIST_FILE = PajamaAlarmTests/Info.plist;
				LD_RUNPATH_SEARCH_PATHS = "$(inherited) @executable_path/Frameworks @loader_path/Frameworks";
				PRODUCT_BUNDLE_IDENTIFIER = Ts.PajamaAlarmTests;
				PRODUCT_NAME = "$(TARGET_NAME)";
				SWIFT_OBJC_BRIDGING_HEADER = "PajamaAlarm/Model/Vendor/TTTAttributedLabel/PajamaAlarmTests-Bridging-Header.h";
				SWIFT_OPTIMIZATION_LEVEL = "-Onone";
				TEST_HOST = "$(BUILT_PRODUCTS_DIR)/PajamaAlarm.app/PajamaAlarm";
			};
			name = Debug;
		};
		B8274CC71BEBA716000FEADE /* Release */ = {
			isa = XCBuildConfiguration;
			buildSettings = {
				BUNDLE_LOADER = "$(TEST_HOST)";
				CLANG_ENABLE_MODULES = YES;
				INFOPLIST_FILE = PajamaAlarmTests/Info.plist;
				LD_RUNPATH_SEARCH_PATHS = "$(inherited) @executable_path/Frameworks @loader_path/Frameworks";
				PRODUCT_BUNDLE_IDENTIFIER = Ts.PajamaAlarmTests;
				PRODUCT_NAME = "$(TARGET_NAME)";
				SWIFT_OBJC_BRIDGING_HEADER = "PajamaAlarm/Model/Vendor/TTTAttributedLabel/PajamaAlarmTests-Bridging-Header.h";
				TEST_HOST = "$(BUILT_PRODUCTS_DIR)/PajamaAlarm.app/PajamaAlarm";
			};
			name = Release;
		};
		B8274CC91BEBA716000FEADE /* Debug */ = {
			isa = XCBuildConfiguration;
			buildSettings = {
				INFOPLIST_FILE = PajamaAlarmUITests/Info.plist;
				LD_RUNPATH_SEARCH_PATHS = "$(inherited) @executable_path/Frameworks @loader_path/Frameworks";
				PRODUCT_BUNDLE_IDENTIFIER = Ts.PajamaAlarmUITests;
				PRODUCT_NAME = "$(TARGET_NAME)";
				TEST_TARGET_NAME = PajamaAlarm;
				USES_XCTRUNNER = YES;
			};
			name = Debug;
		};
		B8274CCA1BEBA716000FEADE /* Release */ = {
			isa = XCBuildConfiguration;
			buildSettings = {
				INFOPLIST_FILE = PajamaAlarmUITests/Info.plist;
				LD_RUNPATH_SEARCH_PATHS = "$(inherited) @executable_path/Frameworks @loader_path/Frameworks";
				PRODUCT_BUNDLE_IDENTIFIER = Ts.PajamaAlarmUITests;
				PRODUCT_NAME = "$(TARGET_NAME)";
				TEST_TARGET_NAME = PajamaAlarm;
				USES_XCTRUNNER = YES;
			};
			name = Release;
		};
/* End XCBuildConfiguration section */

/* Begin XCConfigurationList section */
		B8274C951BEBA716000FEADE /* Build configuration list for PBXProject "PajamaAlarm" */ = {
			isa = XCConfigurationList;
			buildConfigurations = (
				B8274CC01BEBA716000FEADE /* Debug */,
				B8274CC11BEBA716000FEADE /* Release */,
			);
			defaultConfigurationIsVisible = 0;
			defaultConfigurationName = Release;
		};
		B8274CC21BEBA716000FEADE /* Build configuration list for PBXNativeTarget "PajamaAlarm" */ = {
			isa = XCConfigurationList;
			buildConfigurations = (
				B8274CC31BEBA716000FEADE /* Debug */,
				B8274CC41BEBA716000FEADE /* Release */,
			);
			defaultConfigurationIsVisible = 0;
			defaultConfigurationName = Release;
		};
		B8274CC51BEBA716000FEADE /* Build configuration list for PBXNativeTarget "PajamaAlarmTests" */ = {
			isa = XCConfigurationList;
			buildConfigurations = (
				B8274CC61BEBA716000FEADE /* Debug */,
				B8274CC71BEBA716000FEADE /* Release */,
			);
			defaultConfigurationIsVisible = 0;
			defaultConfigurationName = Release;
		};
		B8274CC81BEBA716000FEADE /* Build configuration list for PBXNativeTarget "PajamaAlarmUITests" */ = {
			isa = XCConfigurationList;
			buildConfigurations = (
				B8274CC91BEBA716000FEADE /* Debug */,
				B8274CCA1BEBA716000FEADE /* Release */,
			);
			defaultConfigurationIsVisible = 0;
			defaultConfigurationName = Release;
		};
/* End XCConfigurationList section */
	};
	rootObject = B8274C921BEBA716000FEADE /* Project object */;
}
